// !$*UTF8*$!
{
	archiveVersion = 1;
	classes = {
	};
	objectVersion = 55;
	objects = {

/* Begin PBXBuildFile section */
		6B03D0DF2730DAF000FD3AAA /* AppDelegate.swift in Sources */ = {isa = PBXBuildFile; fileRef = 6B03D0DE2730DAF000FD3AAA /* AppDelegate.swift */; };
		6B03D0E12730DAF000FD3AAA /* SceneDelegate.swift in Sources */ = {isa = PBXBuildFile; fileRef = 6B03D0E02730DAF000FD3AAA /* SceneDelegate.swift */; };
		6B03D0E32730DAF000FD3AAA /* ViewController.swift in Sources */ = {isa = PBXBuildFile; fileRef = 6B03D0E22730DAF000FD3AAA /* ViewController.swift */; };
		6B03D0E62730DAF000FD3AAA /* Main.storyboard in Resources */ = {isa = PBXBuildFile; fileRef = 6B03D0E42730DAF000FD3AAA /* Main.storyboard */; };
		6B03D0E82730DAF300FD3AAA /* Assets.xcassets in Resources */ = {isa = PBXBuildFile; fileRef = 6B03D0E72730DAF300FD3AAA /* Assets.xcassets */; };
		6B03D0EB2730DAF300FD3AAA /* LaunchScreen.storyboard in Resources */ = {isa = PBXBuildFile; fileRef = 6B03D0E92730DAF300FD3AAA /* LaunchScreen.storyboard */; };
		6BED724127E48F2A00FB1066 /* StompClientManager.swift in Sources */ = {isa = PBXBuildFile; fileRef = 6BED724027E48F2A00FB1066 /* StompClientManager.swift */; };
		6BED724327E48F4200FB1066 /* SwiftStompManager.swift in Sources */ = {isa = PBXBuildFile; fileRef = 6BED724227E48F4200FB1066 /* SwiftStompManager.swift */; };
		8FAE322817574A2060052ACF /* Pods_StompExample.framework in Frameworks */ = {isa = PBXBuildFile; fileRef = 977C05B1F2E1D422782931F2 /* Pods_StompExample.framework */; };
/* End PBXBuildFile section */

/* Begin PBXFileReference section */
		51747F9A20F5F00529B97A38 /* Pods-StompExample.debug.xcconfig */ = {isa = PBXFileReference; includeInIndex = 1; lastKnownFileType = text.xcconfig; name = "Pods-StompExample.debug.xcconfig"; path = "Target Support Files/Pods-StompExample/Pods-StompExample.debug.xcconfig"; sourceTree = "<group>"; };
		6B03D0DB2730DAF000FD3AAA /* StompExample.app */ = {isa = PBXFileReference; explicitFileType = wrapper.application; includeInIndex = 0; path = StompExample.app; sourceTree = BUILT_PRODUCTS_DIR; };
		6B03D0DE2730DAF000FD3AAA /* AppDelegate.swift */ = {isa = PBXFileReference; lastKnownFileType = sourcecode.swift; path = AppDelegate.swift; sourceTree = "<group>"; };
		6B03D0E02730DAF000FD3AAA /* SceneDelegate.swift */ = {isa = PBXFileReference; lastKnownFileType = sourcecode.swift; path = SceneDelegate.swift; sourceTree = "<group>"; };
		6B03D0E22730DAF000FD3AAA /* ViewController.swift */ = {isa = PBXFileReference; lastKnownFileType = sourcecode.swift; path = ViewController.swift; sourceTree = "<group>"; };
		6B03D0E52730DAF000FD3AAA /* Base */ = {isa = PBXFileReference; lastKnownFileType = file.storyboard; name = Base; path = Base.lproj/Main.storyboard; sourceTree = "<group>"; };
		6B03D0E72730DAF300FD3AAA /* Assets.xcassets */ = {isa = PBXFileReference; lastKnownFileType = folder.assetcatalog; path = Assets.xcassets; sourceTree = "<group>"; };
		6B03D0EA2730DAF300FD3AAA /* Base */ = {isa = PBXFileReference; lastKnownFileType = file.storyboard; name = Base; path = Base.lproj/LaunchScreen.storyboard; sourceTree = "<group>"; };
		6B03D0EC2730DAF300FD3AAA /* Info.plist */ = {isa = PBXFileReference; lastKnownFileType = text.plist.xml; path = Info.plist; sourceTree = "<group>"; };
		6BED724027E48F2A00FB1066 /* StompClientManager.swift */ = {isa = PBXFileReference; lastKnownFileType = sourcecode.swift; path = StompClientManager.swift; sourceTree = "<group>"; };
		6BED724227E48F4200FB1066 /* SwiftStompManager.swift */ = {isa = PBXFileReference; lastKnownFileType = sourcecode.swift; path = SwiftStompManager.swift; sourceTree = "<group>"; };
		94D24BE519836AE1EF9621F4 /* Pods-StompExample.release.xcconfig */ = {isa = PBXFileReference; includeInIndex = 1; lastKnownFileType = text.xcconfig; name = "Pods-StompExample.release.xcconfig"; path = "Target Support Files/Pods-StompExample/Pods-StompExample.release.xcconfig"; sourceTree = "<group>"; };
		977C05B1F2E1D422782931F2 /* Pods_StompExample.framework */ = {isa = PBXFileReference; explicitFileType = wrapper.framework; includeInIndex = 0; path = Pods_StompExample.framework; sourceTree = BUILT_PRODUCTS_DIR; };
/* End PBXFileReference section */

/* Begin PBXFrameworksBuildPhase section */
		6B03D0D82730DAF000FD3AAA /* Frameworks */ = {
			isa = PBXFrameworksBuildPhase;
			buildActionMask = 2147483647;
			files = (
				8FAE322817574A2060052ACF /* Pods_StompExample.framework in Frameworks */,
			);
			runOnlyForDeploymentPostprocessing = 0;
		};
/* End PBXFrameworksBuildPhase section */

/* Begin PBXGroup section */
		1CC20747F00D43F3CB7B7CF9 /* Pods */ = {
			isa = PBXGroup;
			children = (
				51747F9A20F5F00529B97A38 /* Pods-StompExample.debug.xcconfig */,
				94D24BE519836AE1EF9621F4 /* Pods-StompExample.release.xcconfig */,
			);
			path = Pods;
			sourceTree = "<group>";
		};
		6B03D0D22730DAF000FD3AAA = {
			isa = PBXGroup;
			children = (
				6B03D0DD2730DAF000FD3AAA /* StompExample */,
				6B03D0DC2730DAF000FD3AAA /* Products */,
				1CC20747F00D43F3CB7B7CF9 /* Pods */,
				F684911C872E6546DD21B493 /* Frameworks */,
			);
			sourceTree = "<group>";
		};
		6B03D0DC2730DAF000FD3AAA /* Products */ = {
			isa = PBXGroup;
			children = (
				6B03D0DB2730DAF000FD3AAA /* StompExample.app */,
			);
			name = Products;
			sourceTree = "<group>";
		};
		6B03D0DD2730DAF000FD3AAA /* StompExample */ = {
			isa = PBXGroup;
			children = (
				6B03D0DE2730DAF000FD3AAA /* AppDelegate.swift */,
				6B03D0E02730DAF000FD3AAA /* SceneDelegate.swift */,
				6B03D0E22730DAF000FD3AAA /* ViewController.swift */,
				6B03D0E42730DAF000FD3AAA /* Main.storyboard */,
				6B03D0E72730DAF300FD3AAA /* Assets.xcassets */,
				6B03D0E92730DAF300FD3AAA /* LaunchScreen.storyboard */,
				6B03D0EC2730DAF300FD3AAA /* Info.plist */,
				6BED724027E48F2A00FB1066 /* StompClientManager.swift */,
				6BED724227E48F4200FB1066 /* SwiftStompManager.swift */,
			);
			path = StompExample;
			sourceTree = "<group>";
		};
		F684911C872E6546DD21B493 /* Frameworks */ = {
			isa = PBXGroup;
			children = (
				977C05B1F2E1D422782931F2 /* Pods_StompExample.framework */,
			);
			name = Frameworks;
			sourceTree = "<group>";
		};
/* End PBXGroup section */

/* Begin PBXNativeTarget section */
		6B03D0DA2730DAF000FD3AAA /* StompExample */ = {
			isa = PBXNativeTarget;
			buildConfigurationList = 6B03D0EF2730DAF300FD3AAA /* Build configuration list for PBXNativeTarget "StompExample" */;
			buildPhases = (
				8682A29F49D74A16C6214C82 /* [CP] Check Pods Manifest.lock */,
				6B03D0D72730DAF000FD3AAA /* Sources */,
				6B03D0D82730DAF000FD3AAA /* Frameworks */,
				6B03D0D92730DAF000FD3AAA /* Resources */,
				8B66F7BD06DF6E0433499E4B /* [CP] Embed Pods Frameworks */,
			);
			buildRules = (
			);
			dependencies = (
			);
			name = StompExample;
			productName = StompExample;
			productReference = 6B03D0DB2730DAF000FD3AAA /* StompExample.app */;
			productType = "com.apple.product-type.application";
		};
/* End PBXNativeTarget section */

/* Begin PBXProject section */
		6B03D0D32730DAF000FD3AAA /* Project object */ = {
			isa = PBXProject;
			attributes = {
				BuildIndependentTargetsInParallel = 1;
				LastSwiftUpdateCheck = 1310;
				LastUpgradeCheck = 1310;
				TargetAttributes = {
					6B03D0DA2730DAF000FD3AAA = {
						CreatedOnToolsVersion = 13.1;
					};
				};
			};
			buildConfigurationList = 6B03D0D62730DAF000FD3AAA /* Build configuration list for PBXProject "StompExample" */;
			compatibilityVersion = "Xcode 13.0";
			developmentRegion = en;
			hasScannedForEncodings = 0;
			knownRegions = (
				en,
				Base,
			);
			mainGroup = 6B03D0D22730DAF000FD3AAA;
			productRefGroup = 6B03D0DC2730DAF000FD3AAA /* Products */;
			projectDirPath = "";
			projectRoot = "";
			targets = (
				6B03D0DA2730DAF000FD3AAA /* StompExample */,
			);
		};
/* End PBXProject section */

/* Begin PBXResourcesBuildPhase section */
		6B03D0D92730DAF000FD3AAA /* Resources */ = {
			isa = PBXResourcesBuildPhase;
			buildActionMask = 2147483647;
			files = (
				6B03D0EB2730DAF300FD3AAA /* LaunchScreen.storyboard in Resources */,
				6B03D0E82730DAF300FD3AAA /* Assets.xcassets in Resources */,
				6B03D0E62730DAF000FD3AAA /* Main.storyboard in Resources */,
			);
			runOnlyForDeploymentPostprocessing = 0;
		};
/* End PBXResourcesBuildPhase section */

/* Begin PBXShellScriptBuildPhase section */
		8682A29F49D74A16C6214C82 /* [CP] Check Pods Manifest.lock */ = {
			isa = PBXShellScriptBuildPhase;
			buildActionMask = 2147483647;
			files = (
			);
			inputFileListPaths = (
			);
			inputPaths = (
				"${PODS_PODFILE_DIR_PATH}/Podfile.lock",
				"${PODS_ROOT}/Manifest.lock",
			);
			name = "[CP] Check Pods Manifest.lock";
			outputFileListPaths = (
			);
			outputPaths = (
				"$(DERIVED_FILE_DIR)/Pods-StompExample-checkManifestLockResult.txt",
			);
			runOnlyForDeploymentPostprocessing = 0;
			shellPath = /bin/sh;
			shellScript = "diff \"${PODS_PODFILE_DIR_PATH}/Podfile.lock\" \"${PODS_ROOT}/Manifest.lock\" > /dev/null\nif [ $? != 0 ] ; then\n    # print error to STDERR\n    echo \"error: The sandbox is not in sync with the Podfile.lock. Run 'pod install' or update your CocoaPods installation.\" >&2\n    exit 1\nfi\n# This output is used by Xcode 'outputs' to avoid re-running this script phase.\necho \"SUCCESS\" > \"${SCRIPT_OUTPUT_FILE_0}\"\n";
			showEnvVarsInLog = 0;
		};
		8B66F7BD06DF6E0433499E4B /* [CP] Embed Pods Frameworks */ = {
			isa = PBXShellScriptBuildPhase;
			buildActionMask = 2147483647;
			files = (
			);
			inputFileListPaths = (
				"${PODS_ROOT}/Target Support Files/Pods-StompExample/Pods-StompExample-frameworks-${CONFIGURATION}-input-files.xcfilelist",
			);
			name = "[CP] Embed Pods Frameworks";
			outputFileListPaths = (
				"${PODS_ROOT}/Target Support Files/Pods-StompExample/Pods-StompExample-frameworks-${CONFIGURATION}-output-files.xcfilelist",
			);
			runOnlyForDeploymentPostprocessing = 0;
			shellPath = /bin/sh;
			shellScript = "\"${PODS_ROOT}/Target Support Files/Pods-StompExample/Pods-StompExample-frameworks.sh\"\n";
			showEnvVarsInLog = 0;
		};
/* End PBXShellScriptBuildPhase section */

/* Begin PBXSourcesBuildPhase section */
		6B03D0D72730DAF000FD3AAA /* Sources */ = {
			isa = PBXSourcesBuildPhase;
			buildActionMask = 2147483647;
			files = (
				6BED724127E48F2A00FB1066 /* StompClientManager.swift in Sources */,
				6B03D0E32730DAF000FD3AAA /* ViewController.swift in Sources */,
				6B03D0DF2730DAF000FD3AAA /* AppDelegate.swift in Sources */,
				6B03D0E12730DAF000FD3AAA /* SceneDelegate.swift in Sources */,
				6BED724327E48F4200FB1066 /* SwiftStompManager.swift in Sources */,
			);
			runOnlyForDeploymentPostprocessing = 0;
		};
/* End PBXSourcesBuildPhase section */

/* Begin PBXVariantGroup section */
		6B03D0E42730DAF000FD3AAA /* Main.storyboard */ = {
			isa = PBXVariantGroup;
			children = (
				6B03D0E52730DAF000FD3AAA /* Base */,
			);
			name = Main.storyboard;
			sourceTree = "<group>";
		};
		6B03D0E92730DAF300FD3AAA /* LaunchScreen.storyboard */ = {
			isa = PBXVariantGroup;
			children = (
				6B03D0EA2730DAF300FD3AAA /* Base */,
			);
			name = LaunchScreen.storyboard;
			sourceTree = "<group>";
		};
/* End PBXVariantGroup section */

/* Begin XCBuildConfiguration section */
		6B03D0ED2730DAF300FD3AAA /* Debug */ = {
			isa = XCBuildConfiguration;
			buildSettings = {
				ALWAYS_SEARCH_USER_PATHS = NO;
				CLANG_ANALYZER_NONNULL = YES;
				CLANG_ANALYZER_NUMBER_OBJECT_CONVERSION = YES_AGGRESSIVE;
				CLANG_CXX_LANGUAGE_STANDARD = "gnu++17";
				CLANG_CXX_LIBRARY = "libc++";
				CLANG_ENABLE_MODULES = YES;
				CLANG_ENABLE_OBJC_ARC = YES;
				CLANG_ENABLE_OBJC_WEAK = YES;
				CLANG_WARN_BLOCK_CAPTURE_AUTORELEASING = YES;
				CLANG_WARN_BOOL_CONVERSION = YES;
				CLANG_WARN_COMMA = YES;
				CLANG_WARN_CONSTANT_CONVERSION = YES;
				CLANG_WARN_DEPRECATED_OBJC_IMPLEMENTATIONS = YES;
				CLANG_WARN_DIRECT_OBJC_ISA_USAGE = YES_ERROR;
				CLANG_WARN_DOCUMENTATION_COMMENTS = YES;
				CLANG_WARN_EMPTY_BODY = YES;
				CLANG_WARN_ENUM_CONVERSION = YES;
				CLANG_WARN_INFINITE_RECURSION = YES;
				CLANG_WARN_INT_CONVERSION = YES;
				CLANG_WARN_NON_LITERAL_NULL_CONVERSION = YES;
				CLANG_WARN_OBJC_IMPLICIT_RETAIN_SELF = YES;
				CLANG_WARN_OBJC_LITERAL_CONVERSION = YES;
				CLANG_WARN_OBJC_ROOT_CLASS = YES_ERROR;
				CLANG_WARN_QUOTED_INCLUDE_IN_FRAMEWORK_HEADER = YES;
				CLANG_WARN_RANGE_LOOP_ANALYSIS = YES;
				CLANG_WARN_STRICT_PROTOTYPES = YES;
				CLANG_WARN_SUSPICIOUS_MOVE = YES;
				CLANG_WARN_UNGUARDED_AVAILABILITY = YES_AGGRESSIVE;
				CLANG_WARN_UNREACHABLE_CODE = YES;
				CLANG_WARN__DUPLICATE_METHOD_MATCH = YES;
				COPY_PHASE_STRIP = NO;
				DEBUG_INFORMATION_FORMAT = dwarf;
				ENABLE_STRICT_OBJC_MSGSEND = YES;
				ENABLE_TESTABILITY = YES;
				GCC_C_LANGUAGE_STANDARD = gnu11;
				GCC_DYNAMIC_NO_PIC = NO;
				GCC_NO_COMMON_BLOCKS = YES;
				GCC_OPTIMIZATION_LEVEL = 0;
				GCC_PREPROCESSOR_DEFINITIONS = (
					"DEBUG=1",
					"$(inherited)",
				);
				GCC_WARN_64_TO_32_BIT_CONVERSION = YES;
				GCC_WARN_ABOUT_RETURN_TYPE = YES_ERROR;
				GCC_WARN_UNDECLARED_SELECTOR = YES;
				GCC_WARN_UNINITIALIZED_AUTOS = YES_AGGRESSIVE;
				GCC_WARN_UNUSED_FUNCTION = YES;
				GCC_WARN_UNUSED_VARIABLE = YES;
				IPHONEOS_DEPLOYMENT_TARGET = 15.0;
				MTL_ENABLE_DEBUG_INFO = INCLUDE_SOURCE;
				MTL_FAST_MATH = YES;
				ONLY_ACTIVE_ARCH = YES;
				SDKROOT = iphoneos;
				SWIFT_ACTIVE_COMPILATION_CONDITIONS = DEBUG;
				SWIFT_OPTIMIZATION_LEVEL = "-Onone";
			};
			name = Debug;
		};
		6B03D0EE2730DAF300FD3AAA /* Release */ = {
			isa = XCBuildConfiguration;
			buildSettings = {
				ALWAYS_SEARCH_USER_PATHS = NO;
				CLANG_ANALYZER_NONNULL = YES;
				CLANG_ANALYZER_NUMBER_OBJECT_CONVERSION = YES_AGGRESSIVE;
				CLANG_CXX_LANGUAGE_STANDARD = "gnu++17";
				CLANG_CXX_LIBRARY = "libc++";
				CLANG_ENABLE_MODULES = YES;
				CLANG_ENABLE_OBJC_ARC = YES;
				CLANG_ENABLE_OBJC_WEAK = YES;
				CLANG_WARN_BLOCK_CAPTURE_AUTORELEASING = YES;
				CLANG_WARN_BOOL_CONVERSION = YES;
				CLANG_WARN_COMMA = YES;
				CLANG_WARN_CONSTANT_CONVERSION = YES;
				CLANG_WARN_DEPRECATED_OBJC_IMPLEMENTATIONS = YES;
				CLANG_WARN_DIRECT_OBJC_ISA_USAGE = YES_ERROR;
				CLANG_WARN_DOCUMENTATION_COMMENTS = YES;
				CLANG_WARN_EMPTY_BODY = YES;
				CLANG_WARN_ENUM_CONVERSION = YES;
				CLANG_WARN_INFINITE_RECURSION = YES;
				CLANG_WARN_INT_CONVERSION = YES;
				CLANG_WARN_NON_LITERAL_NULL_CONVERSION = YES;
				CLANG_WARN_OBJC_IMPLICIT_RETAIN_SELF = YES;
				CLANG_WARN_OBJC_LITERAL_CONVERSION = YES;
				CLANG_WARN_OBJC_ROOT_CLASS = YES_ERROR;
				CLANG_WARN_QUOTED_INCLUDE_IN_FRAMEWORK_HEADER = YES;
				CLANG_WARN_RANGE_LOOP_ANALYSIS = YES;
				CLANG_WARN_STRICT_PROTOTYPES = YES;
				CLANG_WARN_SUSPICIOUS_MOVE = YES;
				CLANG_WARN_UNGUARDED_AVAILABILITY = YES_AGGRESSIVE;
				CLANG_WARN_UNREACHABLE_CODE = YES;
				CLANG_WARN__DUPLICATE_METHOD_MATCH = YES;
				COPY_PHASE_STRIP = NO;
				DEBUG_INFORMATION_FORMAT = "dwarf-with-dsym";
				ENABLE_NS_ASSERTIONS = NO;
				ENABLE_STRICT_OBJC_MSGSEND = YES;
				GCC_C_LANGUAGE_STANDARD = gnu11;
				GCC_NO_COMMON_BLOCKS = YES;
				GCC_WARN_64_TO_32_BIT_CONVERSION = YES;
				GCC_WARN_ABOUT_RETURN_TYPE = YES_ERROR;
				GCC_WARN_UNDECLARED_SELECTOR = YES;
				GCC_WARN_UNINITIALIZED_AUTOS = YES_AGGRESSIVE;
				GCC_WARN_UNUSED_FUNCTION = YES;
				GCC_WARN_UNUSED_VARIABLE = YES;
				IPHONEOS_DEPLOYMENT_TARGET = 15.0;
				MTL_ENABLE_DEBUG_INFO = NO;
				MTL_FAST_MATH = YES;
				SDKROOT = iphoneos;
				SWIFT_COMPILATION_MODE = wholemodule;
				SWIFT_OPTIMIZATION_LEVEL = "-O";
				VALIDATE_PRODUCT = YES;
			};
			name = Release;
		};
		6B03D0F02730DAF300FD3AAA /* Debug */ = {
			isa = XCBuildConfiguration;
			baseConfigurationReference = 51747F9A20F5F00529B97A38 /* Pods-StompExample.debug.xcconfig */;
			buildSettings = {
				ASSETCATALOG_COMPILER_APPICON_NAME = AppIcon;
				ASSETCATALOG_COMPILER_GLOBAL_ACCENT_COLOR_NAME = AccentColor;
				CODE_SIGN_STYLE = Automatic;
				CURRENT_PROJECT_VERSION = 1;
				DEVELOPMENT_TEAM = CNMQE42DQF;
				GENERATE_INFOPLIST_FILE = YES;
				INFOPLIST_FILE = StompExample/Info.plist;
				INFOPLIST_KEY_UIApplicationSupportsIndirectInputEvents = YES;
				INFOPLIST_KEY_UILaunchStoryboardName = LaunchScreen;
				INFOPLIST_KEY_UIMainStoryboardFile = Main;
				INFOPLIST_KEY_UISupportedInterfaceOrientations_iPad = "UIInterfaceOrientationPortrait UIInterfaceOrientationPortraitUpsideDown UIInterfaceOrientationLandscapeLeft UIInterfaceOrientationLandscapeRight";
				INFOPLIST_KEY_UISupportedInterfaceOrientations_iPhone = "UIInterfaceOrientationPortrait UIInterfaceOrientationLandscapeLeft UIInterfaceOrientationLandscapeRight";
				IPHONEOS_DEPLOYMENT_TARGET = 13.0;
				LD_RUNPATH_SEARCH_PATHS = (
					"$(inherited)",
					"@executable_path/Frameworks",
				);
				MARKETING_VERSION = 1.0;
				PRODUCT_BUNDLE_IDENTIFIER = com.jinshine.StompExample;
				PRODUCT_NAME = "$(TARGET_NAME)";
				SWIFT_EMIT_LOC_STRINGS = YES;
				SWIFT_VERSION = 5.0;
				TARGETED_DEVICE_FAMILY = "1,2";
			};
			name = Debug;
		};
		6B03D0F12730DAF300FD3AAA /* Release */ = {
			isa = XCBuildConfiguration;
			baseConfigurationReference = 94D24BE519836AE1EF9621F4 /* Pods-StompExample.release.xcconfig */;
			buildSettings = {
				ASSETCATALOG_COMPILER_APPICON_NAME = AppIcon;
				ASSETCATALOG_COMPILER_GLOBAL_ACCENT_COLOR_NAME = AccentColor;
				CODE_SIGN_STYLE = Automatic;
				CURRENT_PROJECT_VERSION = 1;
				DEVELOPMENT_TEAM = CNMQE42DQF;
				GENERATE_INFOPLIST_FILE = YES;
				INFOPLIST_FILE = StompExample/Info.plist;
				INFOPLIST_KEY_UIApplicationSupportsIndirectInputEvents = YES;
				INFOPLIST_KEY_UILaunchStoryboardName = LaunchScreen;
				INFOPLIST_KEY_UIMainStoryboardFile = Main;
				INFOPLIST_KEY_UISupportedInterfaceOrientations_iPad = "UIInterfaceOrientationPortrait UIInterfaceOrientationPortraitUpsideDown UIInterfaceOrientationLandscapeLeft UIInterfaceOrientationLandscapeRight";
				INFOPLIST_KEY_UISupportedInterfaceOrientations_iPhone = "UIInterfaceOrientationPortrait UIInterfaceOrientationLandscapeLeft UIInterfaceOrientationLandscapeRight";
				IPHONEOS_DEPLOYMENT_TARGET = 13.0;
				LD_RUNPATH_SEARCH_PATHS = (
					"$(inherited)",
					"@executable_path/Frameworks",
				);
				MARKETING_VERSION = 1.0;
				PRODUCT_BUNDLE_IDENTIFIER = com.jinshine.StompExample;
				PRODUCT_NAME = "$(TARGET_NAME)";
				SWIFT_EMIT_LOC_STRINGS = YES;
				SWIFT_VERSION = 5.0;
				TARGETED_DEVICE_FAMILY = "1,2";
			};
			name = Release;
		};
/* End XCBuildConfiguration section */

/* Begin XCConfigurationList section */
		6B03D0D62730DAF000FD3AAA /* Build configuration list for PBXProject "StompExample" */ = {
			isa = XCConfigurationList;
			buildConfigurations = (
				6B03D0ED2730DAF300FD3AAA /* Debug */,
				6B03D0EE2730DAF300FD3AAA /* Release */,
			);
			defaultConfigurationIsVisible = 0;
			defaultConfigurationName = Release;
		};
		6B03D0EF2730DAF300FD3AAA /* Build configuration list for PBXNativeTarget "StompExample" */ = {
			isa = XCConfigurationList;
			buildConfigurations = (
				6B03D0F02730DAF300FD3AAA /* Debug */,
				6B03D0F12730DAF300FD3AAA /* Release */,
			);
			defaultConfigurationIsVisible = 0;
			defaultConfigurationName = Release;
		};
/* End XCConfigurationList section */
	};
	rootObject = 6B03D0D32730DAF000FD3AAA /* Project object */;
}
