// !$*UTF8*$!
{
	archiveVersion = 1;
	classes = {
	};
	objectVersion = 50;
	objects = {

/* Begin PBXBuildFile section */
		5C858E5B23E3D515000AA6E9 /* AudioPlayerViewController.swift in Sources */ = {isa = PBXBuildFile; fileRef = 5C858E5A23E3D515000AA6E9 /* AudioPlayerViewController.swift */; };
		5C9042A723E406CC00BBCB26 /* Intro.mp4 in Resources */ = {isa = PBXBuildFile; fileRef = 5CE893E723E2D5CD00C60E8D /* Intro.mp4 */; };
		5C9042A923E42D9900BBCB26 /* SampleMusic.mp3 in Resources */ = {isa = PBXBuildFile; fileRef = 5C9042A823E42D9800BBCB26 /* SampleMusic.mp3 */; };
		5C9042CB23E9099600BBCB26 /* String+TimeFormatter.swift in Sources */ = {isa = PBXBuildFile; fileRef = 5C9042CA23E9099600BBCB26 /* String+TimeFormatter.swift */; };
		5C9042D223E9751C00BBCB26 /* AVAudioRecoderViewController.swift in Sources */ = {isa = PBXBuildFile; fileRef = 5C9042D123E9751C00BBCB26 /* AVAudioRecoderViewController.swift */; };
		5CE893D423E2D41000C60E8D /* AppDelegate.swift in Sources */ = {isa = PBXBuildFile; fileRef = 5CE893D323E2D41000C60E8D /* AppDelegate.swift */; };
		5CE893D823E2D41000C60E8D /* ViewController.swift in Sources */ = {isa = PBXBuildFile; fileRef = 5CE893D723E2D41000C60E8D /* ViewController.swift */; };
		5CE893DB23E2D41000C60E8D /* Main.storyboard in Resources */ = {isa = PBXBuildFile; fileRef = 5CE893D923E2D41000C60E8D /* Main.storyboard */; };
		5CE893DD23E2D41200C60E8D /* Assets.xcassets in Resources */ = {isa = PBXBuildFile; fileRef = 5CE893DC23E2D41200C60E8D /* Assets.xcassets */; };
		5CE893E023E2D41200C60E8D /* LaunchScreen.storyboard in Resources */ = {isa = PBXBuildFile; fileRef = 5CE893DE23E2D41200C60E8D /* LaunchScreen.storyboard */; };
/* End PBXBuildFile section */

/* Begin PBXFileReference section */
		5C858E5A23E3D515000AA6E9 /* AudioPlayerViewController.swift */ = {isa = PBXFileReference; lastKnownFileType = sourcecode.swift; path = AudioPlayerViewController.swift; sourceTree = "<group>"; };
		5C9042A823E42D9800BBCB26 /* SampleMusic.mp3 */ = {isa = PBXFileReference; lastKnownFileType = audio.mp3; path = SampleMusic.mp3; sourceTree = "<group>"; };
		5C9042CA23E9099600BBCB26 /* String+TimeFormatter.swift */ = {isa = PBXFileReference; lastKnownFileType = sourcecode.swift; path = "String+TimeFormatter.swift"; sourceTree = "<group>"; };
		5C9042D123E9751C00BBCB26 /* AVAudioRecoderViewController.swift */ = {isa = PBXFileReference; lastKnownFileType = sourcecode.swift; path = AVAudioRecoderViewController.swift; sourceTree = "<group>"; };
		5CE893D023E2D41000C60E8D /* AudioModule.app */ = {isa = PBXFileReference; explicitFileType = wrapper.application; includeInIndex = 0; path = AudioModule.app; sourceTree = BUILT_PRODUCTS_DIR; };
		5CE893D323E2D41000C60E8D /* AppDelegate.swift */ = {isa = PBXFileReference; lastKnownFileType = sourcecode.swift; path = AppDelegate.swift; sourceTree = "<group>"; };
		5CE893D723E2D41000C60E8D /* ViewController.swift */ = {isa = PBXFileReference; lastKnownFileType = sourcecode.swift; path = ViewController.swift; sourceTree = "<group>"; };
		5CE893DA23E2D41000C60E8D /* Base */ = {isa = PBXFileReference; lastKnownFileType = file.storyboard; name = Base; path = Base.lproj/Main.storyboard; sourceTree = "<group>"; };
		5CE893DC23E2D41200C60E8D /* Assets.xcassets */ = {isa = PBXFileReference; lastKnownFileType = folder.assetcatalog; path = Assets.xcassets; sourceTree = "<group>"; };
		5CE893DF23E2D41200C60E8D /* Base */ = {isa = PBXFileReference; lastKnownFileType = file.storyboard; name = Base; path = Base.lproj/LaunchScreen.storyboard; sourceTree = "<group>"; };
		5CE893E123E2D41200C60E8D /* Info.plist */ = {isa = PBXFileReference; lastKnownFileType = text.plist.xml; path = Info.plist; sourceTree = "<group>"; };
		5CE893E723E2D5CD00C60E8D /* Intro.mp4 */ = {isa = PBXFileReference; lastKnownFileType = file; path = Intro.mp4; sourceTree = "<group>"; };
/* End PBXFileReference section */

/* Begin PBXFrameworksBuildPhase section */
		5CE893CD23E2D41000C60E8D /* Frameworks */ = {
			isa = PBXFrameworksBuildPhase;
			buildActionMask = 2147483647;
			files = (
			);
			runOnlyForDeploymentPostprocessing = 0;
		};
/* End PBXFrameworksBuildPhase section */

/* Begin PBXGroup section */
		5C9042CC23E94F8F00BBCB26 /* Modules */ = {
			isa = PBXGroup;
			children = (
				5CE893D723E2D41000C60E8D /* ViewController.swift */,
				5C9042CF23E974EC00BBCB26 /* AVAudioPlayer */,
				5C9042D023E974F600BBCB26 /* AVAudioRecoder */,
			);
			path = Modules;
			sourceTree = "<group>";
		};
		5C9042CD23E94F9C00BBCB26 /* Resources */ = {
			isa = PBXGroup;
			children = (
				5CE893D923E2D41000C60E8D /* Main.storyboard */,
				5CE893DC23E2D41200C60E8D /* Assets.xcassets */,
				5CE893DE23E2D41200C60E8D /* LaunchScreen.storyboard */,
				5CE893E723E2D5CD00C60E8D /* Intro.mp4 */,
				5C9042A823E42D9800BBCB26 /* SampleMusic.mp3 */,
			);
			path = Resources;
			sourceTree = "<group>";
		};
		5C9042CE23E94FA400BBCB26 /* Utilities */ = {
			isa = PBXGroup;
			children = (
				5C9042CA23E9099600BBCB26 /* String+TimeFormatter.swift */,
			);
			path = Utilities;
			sourceTree = "<group>";
		};
		5C9042CF23E974EC00BBCB26 /* AVAudioPlayer */ = {
			isa = PBXGroup;
			children = (
				5C858E5A23E3D515000AA6E9 /* AudioPlayerViewController.swift */,
			);
			path = AVAudioPlayer;
			sourceTree = "<group>";
		};
		5C9042D023E974F600BBCB26 /* AVAudioRecoder */ = {
			isa = PBXGroup;
			children = (
				5C9042D123E9751C00BBCB26 /* AVAudioRecoderViewController.swift */,
			);
			path = AVAudioRecoder;
			sourceTree = "<group>";
		};
		5CE893C723E2D41000C60E8D = {
			isa = PBXGroup;
			children = (
				5CE893D223E2D41000C60E8D /* AudioModule */,
				5CE893D123E2D41000C60E8D /* Products */,
			);
			sourceTree = "<group>";
		};
		5CE893D123E2D41000C60E8D /* Products */ = {
			isa = PBXGroup;
			children = (
				5CE893D023E2D41000C60E8D /* AudioModule.app */,
			);
			name = Products;
			sourceTree = "<group>";
		};
		5CE893D223E2D41000C60E8D /* AudioModule */ = {
			isa = PBXGroup;
			children = (
				5CE893D323E2D41000C60E8D /* AppDelegate.swift */,
				5C9042CC23E94F8F00BBCB26 /* Modules */,
				5C9042CE23E94FA400BBCB26 /* Utilities */,
				5C9042CD23E94F9C00BBCB26 /* Resources */,
				5CE893E123E2D41200C60E8D /* Info.plist */,
			);
			path = AudioModule;
			sourceTree = "<group>";
		};
/* End PBXGroup section */

/* Begin PBXNativeTarget section */
		5CE893CF23E2D41000C60E8D /* AudioModule */ = {
			isa = PBXNativeTarget;
			buildConfigurationList = 5CE893E423E2D41200C60E8D /* Build configuration list for PBXNativeTarget "AudioModule" */;
			buildPhases = (
				5CE893CC23E2D41000C60E8D /* Sources */,
				5CE893CD23E2D41000C60E8D /* Frameworks */,
				5CE893CE23E2D41000C60E8D /* Resources */,
			);
			buildRules = (
			);
			dependencies = (
			);
			name = AudioModule;
			productName = AudioModule;
			productReference = 5CE893D023E2D41000C60E8D /* AudioModule.app */;
			productType = "com.apple.product-type.application";
		};
/* End PBXNativeTarget section */

/* Begin PBXProject section */
		5CE893C823E2D41000C60E8D /* Project object */ = {
			isa = PBXProject;
			attributes = {
				LastSwiftUpdateCheck = 1120;
				LastUpgradeCheck = 1120;
				ORGANIZATIONNAME = jinnify;
				TargetAttributes = {
					5CE893CF23E2D41000C60E8D = {
						CreatedOnToolsVersion = 11.2.1;
					};
				};
			};
			buildConfigurationList = 5CE893CB23E2D41000C60E8D /* Build configuration list for PBXProject "AudioModule" */;
			compatibilityVersion = "Xcode 9.3";
			developmentRegion = en;
			hasScannedForEncodings = 0;
			knownRegions = (
				en,
				Base,
			);
			mainGroup = 5CE893C723E2D41000C60E8D;
			productRefGroup = 5CE893D123E2D41000C60E8D /* Products */;
			projectDirPath = "";
			projectRoot = "";
			targets = (
				5CE893CF23E2D41000C60E8D /* AudioModule */,
			);
		};
/* End PBXProject section */

/* Begin PBXResourcesBuildPhase section */
		5CE893CE23E2D41000C60E8D /* Resources */ = {
			isa = PBXResourcesBuildPhase;
			buildActionMask = 2147483647;
			files = (
				5C9042A723E406CC00BBCB26 /* Intro.mp4 in Resources */,
				5CE893E023E2D41200C60E8D /* LaunchScreen.storyboard in Resources */,
				5CE893DD23E2D41200C60E8D /* Assets.xcassets in Resources */,
				5CE893DB23E2D41000C60E8D /* Main.storyboard in Resources */,
				5C9042A923E42D9900BBCB26 /* SampleMusic.mp3 in Resources */,
			);
			runOnlyForDeploymentPostprocessing = 0;
		};
/* End PBXResourcesBuildPhase section */

/* Begin PBXSourcesBuildPhase section */
		5CE893CC23E2D41000C60E8D /* Sources */ = {
			isa = PBXSourcesBuildPhase;
			buildActionMask = 2147483647;
			files = (
				5CE893D823E2D41000C60E8D /* ViewController.swift in Sources */,
				5CE893D423E2D41000C60E8D /* AppDelegate.swift in Sources */,
				5C9042D223E9751C00BBCB26 /* AVAudioRecoderViewController.swift in Sources */,
				5C9042CB23E9099600BBCB26 /* String+TimeFormatter.swift in Sources */,
				5C858E5B23E3D515000AA6E9 /* AudioPlayerViewController.swift in Sources */,
			);
			runOnlyForDeploymentPostprocessing = 0;
		};
/* End PBXSourcesBuildPhase section */

/* Begin PBXVariantGroup section */
		5CE893D923E2D41000C60E8D /* Main.storyboard */ = {
			isa = PBXVariantGroup;
			children = (
				5CE893DA23E2D41000C60E8D /* Base */,
			);
			name = Main.storyboard;
			sourceTree = "<group>";
		};
		5CE893DE23E2D41200C60E8D /* LaunchScreen.storyboard */ = {
			isa = PBXVariantGroup;
			children = (
				5CE893DF23E2D41200C60E8D /* Base */,
			);
			name = LaunchScreen.storyboard;
			sourceTree = "<group>";
		};
/* End PBXVariantGroup section */

/* Begin XCBuildConfiguration section */
		5CE893E223E2D41200C60E8D /* Debug */ = {
			isa = XCBuildConfiguration;
			buildSettings = {
				ALWAYS_SEARCH_USER_PATHS = NO;
				CLANG_ANALYZER_NONNULL = YES;
				CLANG_ANALYZER_NUMBER_OBJECT_CONVERSION = YES_AGGRESSIVE;
				CLANG_CXX_LANGUAGE_STANDARD = "gnu++14";
				CLANG_CXX_LIBRARY = "libc++";
				CLANG_ENABLE_MODULES = YES;
				CLANG_ENABLE_OBJC_ARC = YES;
				CLANG_ENABLE_OBJC_WEAK = YES;
				CLANG_WARN_BLOCK_CAPTURE_AUTORELEASING = YES;
				CLANG_WARN_BOOL_CONVERSION = YES;
				CLANG_WARN_COMMA = YES;
				CLANG_WARN_CONSTANT_CONVERSION = YES;
				CLANG_WARN_DEPRECATED_OBJC_IMPLEMENTATIONS = YES;
				CLANG_WARN_DIRECT_OBJC_ISA_USAGE = YES_ERROR;
				CLANG_WARN_DOCUMENTATION_COMMENTS = YES;
				CLANG_WARN_EMPTY_BODY = YES;
				CLANG_WARN_ENUM_CONVERSION = YES;
				CLANG_WARN_INFINITE_RECURSION = YES;
				CLANG_WARN_INT_CONVERSION = YES;
				CLANG_WARN_NON_LITERAL_NULL_CONVERSION = YES;
				CLANG_WARN_OBJC_IMPLICIT_RETAIN_SELF = YES;
				CLANG_WARN_OBJC_LITERAL_CONVERSION = YES;
				CLANG_WARN_OBJC_ROOT_CLASS = YES_ERROR;
				CLANG_WARN_RANGE_LOOP_ANALYSIS = YES;
				CLANG_WARN_STRICT_PROTOTYPES = YES;
				CLANG_WARN_SUSPICIOUS_MOVE = YES;
				CLANG_WARN_UNGUARDED_AVAILABILITY = YES_AGGRESSIVE;
				CLANG_WARN_UNREACHABLE_CODE = YES;
				CLANG_WARN__DUPLICATE_METHOD_MATCH = YES;
				COPY_PHASE_STRIP = NO;
				DEBUG_INFORMATION_FORMAT = dwarf;
				ENABLE_STRICT_OBJC_MSGSEND = YES;
				ENABLE_TESTABILITY = YES;
				GCC_C_LANGUAGE_STANDARD = gnu11;
				GCC_DYNAMIC_NO_PIC = NO;
				GCC_NO_COMMON_BLOCKS = YES;
				GCC_OPTIMIZATION_LEVEL = 0;
				GCC_PREPROCESSOR_DEFINITIONS = (
					"DEBUG=1",
					"$(inherited)",
				);
				GCC_WARN_64_TO_32_BIT_CONVERSION = YES;
				GCC_WARN_ABOUT_RETURN_TYPE = YES_ERROR;
				GCC_WARN_UNDECLARED_SELECTOR = YES;
				GCC_WARN_UNINITIALIZED_AUTOS = YES_AGGRESSIVE;
				GCC_WARN_UNUSED_FUNCTION = YES;
				GCC_WARN_UNUSED_VARIABLE = YES;
				IPHONEOS_DEPLOYMENT_TARGET = 13.2;
				MTL_ENABLE_DEBUG_INFO = INCLUDE_SOURCE;
				MTL_FAST_MATH = YES;
				ONLY_ACTIVE_ARCH = YES;
				SDKROOT = iphoneos;
				SWIFT_ACTIVE_COMPILATION_CONDITIONS = DEBUG;
				SWIFT_OPTIMIZATION_LEVEL = "-Onone";
			};
			name = Debug;
		};
		5CE893E323E2D41200C60E8D /* Release */ = {
			isa = XCBuildConfiguration;
			buildSettings = {
				ALWAYS_SEARCH_USER_PATHS = NO;
				CLANG_ANALYZER_NONNULL = YES;
				CLANG_ANALYZER_NUMBER_OBJECT_CONVERSION = YES_AGGRESSIVE;
				CLANG_CXX_LANGUAGE_STANDARD = "gnu++14";
				CLANG_CXX_LIBRARY = "libc++";
				CLANG_ENABLE_MODULES = YES;
				CLANG_ENABLE_OBJC_ARC = YES;
				CLANG_ENABLE_OBJC_WEAK = YES;
				CLANG_WARN_BLOCK_CAPTURE_AUTORELEASING = YES;
				CLANG_WARN_BOOL_CONVERSION = YES;
				CLANG_WARN_COMMA = YES;
				CLANG_WARN_CONSTANT_CONVERSION = YES;
				CLANG_WARN_DEPRECATED_OBJC_IMPLEMENTATIONS = YES;
				CLANG_WARN_DIRECT_OBJC_ISA_USAGE = YES_ERROR;
				CLANG_WARN_DOCUMENTATION_COMMENTS = YES;
				CLANG_WARN_EMPTY_BODY = YES;
				CLANG_WARN_ENUM_CONVERSION = YES;
				CLANG_WARN_INFINITE_RECURSION = YES;
				CLANG_WARN_INT_CONVERSION = YES;
				CLANG_WARN_NON_LITERAL_NULL_CONVERSION = YES;
				CLANG_WARN_OBJC_IMPLICIT_RETAIN_SELF = YES;
				CLANG_WARN_OBJC_LITERAL_CONVERSION = YES;
				CLANG_WARN_OBJC_ROOT_CLASS = YES_ERROR;
				CLANG_WARN_RANGE_LOOP_ANALYSIS = YES;
				CLANG_WARN_STRICT_PROTOTYPES = YES;
				CLANG_WARN_SUSPICIOUS_MOVE = YES;
				CLANG_WARN_UNGUARDED_AVAILABILITY = YES_AGGRESSIVE;
				CLANG_WARN_UNREACHABLE_CODE = YES;
				CLANG_WARN__DUPLICATE_METHOD_MATCH = YES;
				COPY_PHASE_STRIP = NO;
				DEBUG_INFORMATION_FORMAT = "dwarf-with-dsym";
				ENABLE_NS_ASSERTIONS = NO;
				ENABLE_STRICT_OBJC_MSGSEND = YES;
				GCC_C_LANGUAGE_STANDARD = gnu11;
				GCC_NO_COMMON_BLOCKS = YES;
				GCC_WARN_64_TO_32_BIT_CONVERSION = YES;
				GCC_WARN_ABOUT_RETURN_TYPE = YES_ERROR;
				GCC_WARN_UNDECLARED_SELECTOR = YES;
				GCC_WARN_UNINITIALIZED_AUTOS = YES_AGGRESSIVE;
				GCC_WARN_UNUSED_FUNCTION = YES;
				GCC_WARN_UNUSED_VARIABLE = YES;
				IPHONEOS_DEPLOYMENT_TARGET = 13.2;
				MTL_ENABLE_DEBUG_INFO = NO;
				MTL_FAST_MATH = YES;
				SDKROOT = iphoneos;
				SWIFT_COMPILATION_MODE = wholemodule;
				SWIFT_OPTIMIZATION_LEVEL = "-O";
				VALIDATE_PRODUCT = YES;
			};
			name = Release;
		};
		5CE893E523E2D41200C60E8D /* Debug */ = {
			isa = XCBuildConfiguration;
			buildSettings = {
				ASSETCATALOG_COMPILER_APPICON_NAME = AppIcon;
				CODE_SIGN_STYLE = Automatic;
				DEVELOPMENT_TEAM = CNMQE42DQF;
				INFOPLIST_FILE = AudioModule/Info.plist;
				IPHONEOS_DEPLOYMENT_TARGET = 11.0;
				LD_RUNPATH_SEARCH_PATHS = (
					"$(inherited)",
					"@executable_path/Frameworks",
				);
				PRODUCT_BUNDLE_IDENTIFIER = com.jinnify.AudioModule;
				PRODUCT_NAME = "$(TARGET_NAME)";
				SWIFT_VERSION = 5.0;
				TARGETED_DEVICE_FAMILY = "1,2";
			};
			name = Debug;
		};
		5CE893E623E2D41200C60E8D /* Release */ = {
			isa = XCBuildConfiguration;
			buildSettings = {
				ASSETCATALOG_COMPILER_APPICON_NAME = AppIcon;
				CODE_SIGN_STYLE = Automatic;
				DEVELOPMENT_TEAM = CNMQE42DQF;
				INFOPLIST_FILE = AudioModule/Info.plist;
				IPHONEOS_DEPLOYMENT_TARGET = 11.0;
				LD_RUNPATH_SEARCH_PATHS = (
					"$(inherited)",
					"@executable_path/Frameworks",
				);
				PRODUCT_BUNDLE_IDENTIFIER = com.jinnify.AudioModule;
				PRODUCT_NAME = "$(TARGET_NAME)";
				SWIFT_VERSION = 5.0;
				TARGETED_DEVICE_FAMILY = "1,2";
			};
			name = Release;
		};
/* End XCBuildConfiguration section */

/* Begin XCConfigurationList section */
		5CE893CB23E2D41000C60E8D /* Build configuration list for PBXProject "AudioModule" */ = {
			isa = XCConfigurationList;
			buildConfigurations = (
				5CE893E223E2D41200C60E8D /* Debug */,
				5CE893E323E2D41200C60E8D /* Release */,
			);
			defaultConfigurationIsVisible = 0;
			defaultConfigurationName = Release;
		};
		5CE893E423E2D41200C60E8D /* Build configuration list for PBXNativeTarget "AudioModule" */ = {
			isa = XCConfigurationList;
			buildConfigurations = (
				5CE893E523E2D41200C60E8D /* Debug */,
				5CE893E623E2D41200C60E8D /* Release */,
			);
			defaultConfigurationIsVisible = 0;
			defaultConfigurationName = Release;
		};
/* End XCConfigurationList section */
	};
	rootObject = 5CE893C823E2D41000C60E8D /* Project object */;
}
