// !$*UTF8*$!
{
	archiveVersion = 1;
	classes = {
	};
	objectVersion = 50;
	objects = {

/* Begin PBXBuildFile section */
		6B28FAAC266F9A8E0035E191 /* PhotoPickerManager.swift in Sources */ = {isa = PBXBuildFile; fileRef = 6B28FAAB266F9A8E0035E191 /* PhotoPickerManager.swift */; };
		6BFBC24B2646E65B00C0EDBB /* PhotoViewController.swift in Sources */ = {isa = PBXBuildFile; fileRef = 6BFBC24A2646E65B00C0EDBB /* PhotoViewController.swift */; };
		6BFBC24E2646E6D200C0EDBB /* Photos.framework in Frameworks */ = {isa = PBXBuildFile; fileRef = 6BFBC24D2646E6D200C0EDBB /* Photos.framework */; };
		6BFBC2502646E8C700C0EDBB /* PhotoCollectionViewCell.swift in Sources */ = {isa = PBXBuildFile; fileRef = 6BFBC24F2646E8C700C0EDBB /* PhotoCollectionViewCell.swift */; };
		EC22CBB524EF5E0700B18536 /* AppDelegate.swift in Sources */ = {isa = PBXBuildFile; fileRef = EC22CBB424EF5E0700B18536 /* AppDelegate.swift */; };
		EC22CBB724EF5E0700B18536 /* SceneDelegate.swift in Sources */ = {isa = PBXBuildFile; fileRef = EC22CBB624EF5E0700B18536 /* SceneDelegate.swift */; };
		EC22CBB924EF5E0700B18536 /* ViewController.swift in Sources */ = {isa = PBXBuildFile; fileRef = EC22CBB824EF5E0700B18536 /* ViewController.swift */; };
		EC22CBBC24EF5E0700B18536 /* Main.storyboard in Resources */ = {isa = PBXBuildFile; fileRef = EC22CBBA24EF5E0700B18536 /* Main.storyboard */; };
		EC22CBBE24EF5E0B00B18536 /* Assets.xcassets in Resources */ = {isa = PBXBuildFile; fileRef = EC22CBBD24EF5E0B00B18536 /* Assets.xcassets */; };
		EC22CBC124EF5E0B00B18536 /* LaunchScreen.storyboard in Resources */ = {isa = PBXBuildFile; fileRef = EC22CBBF24EF5E0B00B18536 /* LaunchScreen.storyboard */; };
		ECEE374A250D42F800CE9CD1 /* AlbumViewController.swift in Sources */ = {isa = PBXBuildFile; fileRef = ECEE3749250D42F800CE9CD1 /* AlbumViewController.swift */; };
/* End PBXBuildFile section */

/* Begin PBXFileReference section */
		6B28FAAB266F9A8E0035E191 /* PhotoPickerManager.swift */ = {isa = PBXFileReference; fileEncoding = 4; lastKnownFileType = sourcecode.swift; path = PhotoPickerManager.swift; sourceTree = "<group>"; };
		6BFBC24A2646E65B00C0EDBB /* PhotoViewController.swift */ = {isa = PBXFileReference; lastKnownFileType = sourcecode.swift; path = PhotoViewController.swift; sourceTree = "<group>"; };
		6BFBC24D2646E6D200C0EDBB /* Photos.framework */ = {isa = PBXFileReference; lastKnownFileType = wrapper.framework; name = Photos.framework; path = System/Library/Frameworks/Photos.framework; sourceTree = SDKROOT; };
		6BFBC24F2646E8C700C0EDBB /* PhotoCollectionViewCell.swift */ = {isa = PBXFileReference; lastKnownFileType = sourcecode.swift; path = PhotoCollectionViewCell.swift; sourceTree = "<group>"; };
		EC22CBB124EF5E0700B18536 /* PhotoKitModule.app */ = {isa = PBXFileReference; explicitFileType = wrapper.application; includeInIndex = 0; path = PhotoKitModule.app; sourceTree = BUILT_PRODUCTS_DIR; };
		EC22CBB424EF5E0700B18536 /* AppDelegate.swift */ = {isa = PBXFileReference; lastKnownFileType = sourcecode.swift; path = AppDelegate.swift; sourceTree = "<group>"; };
		EC22CBB624EF5E0700B18536 /* SceneDelegate.swift */ = {isa = PBXFileReference; lastKnownFileType = sourcecode.swift; path = SceneDelegate.swift; sourceTree = "<group>"; };
		EC22CBB824EF5E0700B18536 /* ViewController.swift */ = {isa = PBXFileReference; lastKnownFileType = sourcecode.swift; path = ViewController.swift; sourceTree = "<group>"; };
		EC22CBBB24EF5E0700B18536 /* Base */ = {isa = PBXFileReference; lastKnownFileType = file.storyboard; name = Base; path = Base.lproj/Main.storyboard; sourceTree = "<group>"; };
		EC22CBBD24EF5E0B00B18536 /* Assets.xcassets */ = {isa = PBXFileReference; lastKnownFileType = folder.assetcatalog; path = Assets.xcassets; sourceTree = "<group>"; };
		EC22CBC024EF5E0B00B18536 /* Base */ = {isa = PBXFileReference; lastKnownFileType = file.storyboard; name = Base; path = Base.lproj/LaunchScreen.storyboard; sourceTree = "<group>"; };
		EC22CBC224EF5E0B00B18536 /* Info.plist */ = {isa = PBXFileReference; lastKnownFileType = text.plist.xml; path = Info.plist; sourceTree = "<group>"; };
		ECEE3749250D42F800CE9CD1 /* AlbumViewController.swift */ = {isa = PBXFileReference; lastKnownFileType = sourcecode.swift; path = AlbumViewController.swift; sourceTree = "<group>"; };
/* End PBXFileReference section */

/* Begin PBXFrameworksBuildPhase section */
		EC22CBAE24EF5E0700B18536 /* Frameworks */ = {
			isa = PBXFrameworksBuildPhase;
			buildActionMask = 2147483647;
			files = (
				6BFBC24E2646E6D200C0EDBB /* Photos.framework in Frameworks */,
			);
			runOnlyForDeploymentPostprocessing = 0;
		};
/* End PBXFrameworksBuildPhase section */

/* Begin PBXGroup section */
		6B28FAAA266F9A750035E191 /* Album3 */ = {
			isa = PBXGroup;
			children = (
				6B28FAAB266F9A8E0035E191 /* PhotoPickerManager.swift */,
			);
			path = Album3;
			sourceTree = "<group>";
		};
		6BFBC2492646E64800C0EDBB /* Album2 */ = {
			isa = PBXGroup;
			children = (
				6BFBC24A2646E65B00C0EDBB /* PhotoViewController.swift */,
				6BFBC24F2646E8C700C0EDBB /* PhotoCollectionViewCell.swift */,
			);
			path = Album2;
			sourceTree = "<group>";
		};
		6BFBC24C2646E6D200C0EDBB /* Frameworks */ = {
			isa = PBXGroup;
			children = (
				6BFBC24D2646E6D200C0EDBB /* Photos.framework */,
			);
			name = Frameworks;
			sourceTree = "<group>";
		};
		EC22CBA824EF5E0700B18536 = {
			isa = PBXGroup;
			children = (
				EC22CBB324EF5E0700B18536 /* PhotoKitModule */,
				EC22CBB224EF5E0700B18536 /* Products */,
				6BFBC24C2646E6D200C0EDBB /* Frameworks */,
			);
			sourceTree = "<group>";
		};
		EC22CBB224EF5E0700B18536 /* Products */ = {
			isa = PBXGroup;
			children = (
				EC22CBB124EF5E0700B18536 /* PhotoKitModule.app */,
			);
			name = Products;
			sourceTree = "<group>";
		};
		EC22CBB324EF5E0700B18536 /* PhotoKitModule */ = {
			isa = PBXGroup;
			children = (
				6B28FAAA266F9A750035E191 /* Album3 */,
				6BFBC2492646E64800C0EDBB /* Album2 */,
				ECB5043A24F3FED000D44ADA /* Album */,
				EC22CBB424EF5E0700B18536 /* AppDelegate.swift */,
				EC22CBB624EF5E0700B18536 /* SceneDelegate.swift */,
				EC22CBB824EF5E0700B18536 /* ViewController.swift */,
				EC22CBBA24EF5E0700B18536 /* Main.storyboard */,
				EC22CBBD24EF5E0B00B18536 /* Assets.xcassets */,
				EC22CBBF24EF5E0B00B18536 /* LaunchScreen.storyboard */,
				EC22CBC224EF5E0B00B18536 /* Info.plist */,
			);
			path = PhotoKitModule;
			sourceTree = "<group>";
		};
		ECB5043A24F3FED000D44ADA /* Album */ = {
			isa = PBXGroup;
			children = (
				ECEE3749250D42F800CE9CD1 /* AlbumViewController.swift */,
			);
			path = Album;
			sourceTree = "<group>";
		};
/* End PBXGroup section */

/* Begin PBXNativeTarget section */
		EC22CBB024EF5E0700B18536 /* PhotoKitModule */ = {
			isa = PBXNativeTarget;
			buildConfigurationList = EC22CBC524EF5E0B00B18536 /* Build configuration list for PBXNativeTarget "PhotoKitModule" */;
			buildPhases = (
				EC22CBAD24EF5E0700B18536 /* Sources */,
				EC22CBAE24EF5E0700B18536 /* Frameworks */,
				EC22CBAF24EF5E0700B18536 /* Resources */,
			);
			buildRules = (
			);
			dependencies = (
			);
			name = PhotoKitModule;
			productName = PhotoKitModule;
			productReference = EC22CBB124EF5E0700B18536 /* PhotoKitModule.app */;
			productType = "com.apple.product-type.application";
		};
/* End PBXNativeTarget section */

/* Begin PBXProject section */
		EC22CBA924EF5E0700B18536 /* Project object */ = {
			isa = PBXProject;
			attributes = {
				LastSwiftUpdateCheck = 1150;
				LastUpgradeCheck = 1150;
				ORGANIZATIONNAME = jinnify;
				TargetAttributes = {
					EC22CBB024EF5E0700B18536 = {
						CreatedOnToolsVersion = 11.5;
					};
				};
			};
			buildConfigurationList = EC22CBAC24EF5E0700B18536 /* Build configuration list for PBXProject "PhotoKitModule" */;
			compatibilityVersion = "Xcode 9.3";
			developmentRegion = en;
			hasScannedForEncodings = 0;
			knownRegions = (
				en,
				Base,
			);
			mainGroup = EC22CBA824EF5E0700B18536;
			productRefGroup = EC22CBB224EF5E0700B18536 /* Products */;
			projectDirPath = "";
			projectRoot = "";
			targets = (
				EC22CBB024EF5E0700B18536 /* PhotoKitModule */,
			);
		};
/* End PBXProject section */

/* Begin PBXResourcesBuildPhase section */
		EC22CBAF24EF5E0700B18536 /* Resources */ = {
			isa = PBXResourcesBuildPhase;
			buildActionMask = 2147483647;
			files = (
				EC22CBC124EF5E0B00B18536 /* LaunchScreen.storyboard in Resources */,
				EC22CBBE24EF5E0B00B18536 /* Assets.xcassets in Resources */,
				EC22CBBC24EF5E0700B18536 /* Main.storyboard in Resources */,
			);
			runOnlyForDeploymentPostprocessing = 0;
		};
/* End PBXResourcesBuildPhase section */

/* Begin PBXSourcesBuildPhase section */
		EC22CBAD24EF5E0700B18536 /* Sources */ = {
			isa = PBXSourcesBuildPhase;
			buildActionMask = 2147483647;
			files = (
				6B28FAAC266F9A8E0035E191 /* PhotoPickerManager.swift in Sources */,
				ECEE374A250D42F800CE9CD1 /* AlbumViewController.swift in Sources */,
				EC22CBB924EF5E0700B18536 /* ViewController.swift in Sources */,
				EC22CBB524EF5E0700B18536 /* AppDelegate.swift in Sources */,
				EC22CBB724EF5E0700B18536 /* SceneDelegate.swift in Sources */,
				6BFBC24B2646E65B00C0EDBB /* PhotoViewController.swift in Sources */,
				6BFBC2502646E8C700C0EDBB /* PhotoCollectionViewCell.swift in Sources */,
			);
			runOnlyForDeploymentPostprocessing = 0;
		};
/* End PBXSourcesBuildPhase section */

/* Begin PBXVariantGroup section */
		EC22CBBA24EF5E0700B18536 /* Main.storyboard */ = {
			isa = PBXVariantGroup;
			children = (
				EC22CBBB24EF5E0700B18536 /* Base */,
			);
			name = Main.storyboard;
			sourceTree = "<group>";
		};
		EC22CBBF24EF5E0B00B18536 /* LaunchScreen.storyboard */ = {
			isa = PBXVariantGroup;
			children = (
				EC22CBC024EF5E0B00B18536 /* Base */,
			);
			name = LaunchScreen.storyboard;
			sourceTree = "<group>";
		};
/* End PBXVariantGroup section */

/* Begin XCBuildConfiguration section */
		EC22CBC324EF5E0B00B18536 /* Debug */ = {
			isa = XCBuildConfiguration;
			buildSettings = {
				ALWAYS_SEARCH_USER_PATHS = NO;
				CLANG_ANALYZER_NONNULL = YES;
				CLANG_ANALYZER_NUMBER_OBJECT_CONVERSION = YES_AGGRESSIVE;
				CLANG_CXX_LANGUAGE_STANDARD = "gnu++14";
				CLANG_CXX_LIBRARY = "libc++";
				CLANG_ENABLE_MODULES = YES;
				CLANG_ENABLE_OBJC_ARC = YES;
				CLANG_ENABLE_OBJC_WEAK = YES;
				CLANG_WARN_BLOCK_CAPTURE_AUTORELEASING = YES;
				CLANG_WARN_BOOL_CONVERSION = YES;
				CLANG_WARN_COMMA = YES;
				CLANG_WARN_CONSTANT_CONVERSION = YES;
				CLANG_WARN_DEPRECATED_OBJC_IMPLEMENTATIONS = YES;
				CLANG_WARN_DIRECT_OBJC_ISA_USAGE = YES_ERROR;
				CLANG_WARN_DOCUMENTATION_COMMENTS = YES;
				CLANG_WARN_EMPTY_BODY = YES;
				CLANG_WARN_ENUM_CONVERSION = YES;
				CLANG_WARN_INFINITE_RECURSION = YES;
				CLANG_WARN_INT_CONVERSION = YES;
				CLANG_WARN_NON_LITERAL_NULL_CONVERSION = YES;
				CLANG_WARN_OBJC_IMPLICIT_RETAIN_SELF = YES;
				CLANG_WARN_OBJC_LITERAL_CONVERSION = YES;
				CLANG_WARN_OBJC_ROOT_CLASS = YES_ERROR;
				CLANG_WARN_RANGE_LOOP_ANALYSIS = YES;
				CLANG_WARN_STRICT_PROTOTYPES = YES;
				CLANG_WARN_SUSPICIOUS_MOVE = YES;
				CLANG_WARN_UNGUARDED_AVAILABILITY = YES_AGGRESSIVE;
				CLANG_WARN_UNREACHABLE_CODE = YES;
				CLANG_WARN__DUPLICATE_METHOD_MATCH = YES;
				COPY_PHASE_STRIP = NO;
				DEBUG_INFORMATION_FORMAT = dwarf;
				ENABLE_STRICT_OBJC_MSGSEND = YES;
				ENABLE_TESTABILITY = YES;
				GCC_C_LANGUAGE_STANDARD = gnu11;
				GCC_DYNAMIC_NO_PIC = NO;
				GCC_NO_COMMON_BLOCKS = YES;
				GCC_OPTIMIZATION_LEVEL = 0;
				GCC_PREPROCESSOR_DEFINITIONS = (
					"DEBUG=1",
					"$(inherited)",
				);
				GCC_WARN_64_TO_32_BIT_CONVERSION = YES;
				GCC_WARN_ABOUT_RETURN_TYPE = YES_ERROR;
				GCC_WARN_UNDECLARED_SELECTOR = YES;
				GCC_WARN_UNINITIALIZED_AUTOS = YES_AGGRESSIVE;
				GCC_WARN_UNUSED_FUNCTION = YES;
				GCC_WARN_UNUSED_VARIABLE = YES;
				IPHONEOS_DEPLOYMENT_TARGET = 13.5;
				MTL_ENABLE_DEBUG_INFO = INCLUDE_SOURCE;
				MTL_FAST_MATH = YES;
				ONLY_ACTIVE_ARCH = YES;
				SDKROOT = iphoneos;
				SWIFT_ACTIVE_COMPILATION_CONDITIONS = DEBUG;
				SWIFT_OPTIMIZATION_LEVEL = "-Onone";
			};
			name = Debug;
		};
		EC22CBC424EF5E0B00B18536 /* Release */ = {
			isa = XCBuildConfiguration;
			buildSettings = {
				ALWAYS_SEARCH_USER_PATHS = NO;
				CLANG_ANALYZER_NONNULL = YES;
				CLANG_ANALYZER_NUMBER_OBJECT_CONVERSION = YES_AGGRESSIVE;
				CLANG_CXX_LANGUAGE_STANDARD = "gnu++14";
				CLANG_CXX_LIBRARY = "libc++";
				CLANG_ENABLE_MODULES = YES;
				CLANG_ENABLE_OBJC_ARC = YES;
				CLANG_ENABLE_OBJC_WEAK = YES;
				CLANG_WARN_BLOCK_CAPTURE_AUTORELEASING = YES;
				CLANG_WARN_BOOL_CONVERSION = YES;
				CLANG_WARN_COMMA = YES;
				CLANG_WARN_CONSTANT_CONVERSION = YES;
				CLANG_WARN_DEPRECATED_OBJC_IMPLEMENTATIONS = YES;
				CLANG_WARN_DIRECT_OBJC_ISA_USAGE = YES_ERROR;
				CLANG_WARN_DOCUMENTATION_COMMENTS = YES;
				CLANG_WARN_EMPTY_BODY = YES;
				CLANG_WARN_ENUM_CONVERSION = YES;
				CLANG_WARN_INFINITE_RECURSION = YES;
				CLANG_WARN_INT_CONVERSION = YES;
				CLANG_WARN_NON_LITERAL_NULL_CONVERSION = YES;
				CLANG_WARN_OBJC_IMPLICIT_RETAIN_SELF = YES;
				CLANG_WARN_OBJC_LITERAL_CONVERSION = YES;
				CLANG_WARN_OBJC_ROOT_CLASS = YES_ERROR;
				CLANG_WARN_RANGE_LOOP_ANALYSIS = YES;
				CLANG_WARN_STRICT_PROTOTYPES = YES;
				CLANG_WARN_SUSPICIOUS_MOVE = YES;
				CLANG_WARN_UNGUARDED_AVAILABILITY = YES_AGGRESSIVE;
				CLANG_WARN_UNREACHABLE_CODE = YES;
				CLANG_WARN__DUPLICATE_METHOD_MATCH = YES;
				COPY_PHASE_STRIP = NO;
				DEBUG_INFORMATION_FORMAT = "dwarf-with-dsym";
				ENABLE_NS_ASSERTIONS = NO;
				ENABLE_STRICT_OBJC_MSGSEND = YES;
				GCC_C_LANGUAGE_STANDARD = gnu11;
				GCC_NO_COMMON_BLOCKS = YES;
				GCC_WARN_64_TO_32_BIT_CONVERSION = YES;
				GCC_WARN_ABOUT_RETURN_TYPE = YES_ERROR;
				GCC_WARN_UNDECLARED_SELECTOR = YES;
				GCC_WARN_UNINITIALIZED_AUTOS = YES_AGGRESSIVE;
				GCC_WARN_UNUSED_FUNCTION = YES;
				GCC_WARN_UNUSED_VARIABLE = YES;
				IPHONEOS_DEPLOYMENT_TARGET = 13.5;
				MTL_ENABLE_DEBUG_INFO = NO;
				MTL_FAST_MATH = YES;
				SDKROOT = iphoneos;
				SWIFT_COMPILATION_MODE = wholemodule;
				SWIFT_OPTIMIZATION_LEVEL = "-O";
				VALIDATE_PRODUCT = YES;
			};
			name = Release;
		};
		EC22CBC624EF5E0B00B18536 /* Debug */ = {
			isa = XCBuildConfiguration;
			buildSettings = {
				ASSETCATALOG_COMPILER_APPICON_NAME = AppIcon;
				CODE_SIGN_STYLE = Automatic;
				DEVELOPMENT_TEAM = QGFZCPYLU4;
				INFOPLIST_FILE = PhotoKitModule/Info.plist;
				LD_RUNPATH_SEARCH_PATHS = (
					"$(inherited)",
					"@executable_path/Frameworks",
				);
				PRODUCT_BUNDLE_IDENTIFIER = com.jinnify.PhotoKitModule;
				PRODUCT_NAME = "$(TARGET_NAME)";
				SWIFT_VERSION = 5.0;
				TARGETED_DEVICE_FAMILY = "1,2";
			};
			name = Debug;
		};
		EC22CBC724EF5E0B00B18536 /* Release */ = {
			isa = XCBuildConfiguration;
			buildSettings = {
				ASSETCATALOG_COMPILER_APPICON_NAME = AppIcon;
				CODE_SIGN_STYLE = Manual;
				DEVELOPMENT_TEAM = "";
				INFOPLIST_FILE = PhotoKitModule/Info.plist;
				LD_RUNPATH_SEARCH_PATHS = (
					"$(inherited)",
					"@executable_path/Frameworks",
				);
				PRODUCT_BUNDLE_IDENTIFIER = com.jinnify.PhotoKitModule;
				PRODUCT_NAME = "$(TARGET_NAME)";
				PROVISIONING_PROFILE_SPECIFIER = "";
				SWIFT_VERSION = 5.0;
				TARGETED_DEVICE_FAMILY = "1,2";
			};
			name = Release;
		};
/* End XCBuildConfiguration section */

/* Begin XCConfigurationList section */
		EC22CBAC24EF5E0700B18536 /* Build configuration list for PBXProject "PhotoKitModule" */ = {
			isa = XCConfigurationList;
			buildConfigurations = (
				EC22CBC324EF5E0B00B18536 /* Debug */,
				EC22CBC424EF5E0B00B18536 /* Release */,
			);
			defaultConfigurationIsVisible = 0;
			defaultConfigurationName = Release;
		};
		EC22CBC524EF5E0B00B18536 /* Build configuration list for PBXNativeTarget "PhotoKitModule" */ = {
			isa = XCConfigurationList;
			buildConfigurations = (
				EC22CBC624EF5E0B00B18536 /* Debug */,
				EC22CBC724EF5E0B00B18536 /* Release */,
			);
			defaultConfigurationIsVisible = 0;
			defaultConfigurationName = Release;
		};
/* End XCConfigurationList section */
	};
	rootObject = EC22CBA924EF5E0700B18536 /* Project object */;
}
