PODS:
  - SocketRocket (0.6.0)
  - StompClientLib (1.3.8):
    - SocketRocket

DEPENDENCIES:
  - StompClientLib (~> 1.3.8)

SPEC REPOS:
  trunk:
    - SocketRocket
    - StompClientLib

SPEC CHECKSUMS:
  SocketRocket: fccef3f9c5cedea1353a9ef6ada904fde10d6608
  StompClientLib: c411634ea4b53d46cd2a5b76b8c80d8d23b835b4

PODFILE CHECKSUM: e092dd8802d4f77ff0aa3c51bce5009ebac9d3cb

COCOAPODS: 1.11.2
