// !$*UTF8*$!
{
	archiveVersion = 1;
	classes = {
	};
	objectVersion = 50;
	objects = {

/* Begin PBXBuildFile section */
		6B4EB2F626B7A7B500E65B97 /* AppDelegate.swift in Sources */ = {isa = PBXBuildFile; fileRef = 6B4EB2F526B7A7B500E65B97 /* AppDelegate.swift */; };
		6B4EB2F826B7A7B500E65B97 /* SceneDelegate.swift in Sources */ = {isa = PBXBuildFile; fileRef = 6B4EB2F726B7A7B500E65B97 /* SceneDelegate.swift */; };
		6B4EB2FA26B7A7B500E65B97 /* ViewController.swift in Sources */ = {isa = PBXBuildFile; fileRef = 6B4EB2F926B7A7B500E65B97 /* ViewController.swift */; };
		6B4EB2FD26B7A7B500E65B97 /* Main.storyboard in Resources */ = {isa = PBXBuildFile; fileRef = 6B4EB2FB26B7A7B500E65B97 /* Main.storyboard */; };
		6B4EB2FF26B7A7B800E65B97 /* Assets.xcassets in Resources */ = {isa = PBXBuildFile; fileRef = 6B4EB2FE26B7A7B800E65B97 /* Assets.xcassets */; };
		6B4EB30226B7A7B800E65B97 /* LaunchScreen.storyboard in Resources */ = {isa = PBXBuildFile; fileRef = 6B4EB30026B7A7B800E65B97 /* LaunchScreen.storyboard */; };
		6B4EB30D26B7A7B800E65B97 /* StarRatingTests.swift in Sources */ = {isa = PBXBuildFile; fileRef = 6B4EB30C26B7A7B800E65B97 /* StarRatingTests.swift */; };
		6B4EB31826B7A7B800E65B97 /* StarRatingUITests.swift in Sources */ = {isa = PBXBuildFile; fileRef = 6B4EB31726B7A7B800E65B97 /* StarRatingUITests.swift */; };
/* End PBXBuildFile section */

/* Begin PBXContainerItemProxy section */
		6B4EB30926B7A7B800E65B97 /* PBXContainerItemProxy */ = {
			isa = PBXContainerItemProxy;
			containerPortal = 6B4EB2EA26B7A7B500E65B97 /* Project object */;
			proxyType = 1;
			remoteGlobalIDString = 6B4EB2F126B7A7B500E65B97;
			remoteInfo = StarRating;
		};
		6B4EB31426B7A7B800E65B97 /* PBXContainerItemProxy */ = {
			isa = PBXContainerItemProxy;
			containerPortal = 6B4EB2EA26B7A7B500E65B97 /* Project object */;
			proxyType = 1;
			remoteGlobalIDString = 6B4EB2F126B7A7B500E65B97;
			remoteInfo = StarRating;
		};
/* End PBXContainerItemProxy section */

/* Begin PBXFileReference section */
		6B4EB2F226B7A7B500E65B97 /* StarRating.app */ = {isa = PBXFileReference; explicitFileType = wrapper.application; includeInIndex = 0; path = StarRating.app; sourceTree = BUILT_PRODUCTS_DIR; };
		6B4EB2F526B7A7B500E65B97 /* AppDelegate.swift */ = {isa = PBXFileReference; lastKnownFileType = sourcecode.swift; path = AppDelegate.swift; sourceTree = "<group>"; };
		6B4EB2F726B7A7B500E65B97 /* SceneDelegate.swift */ = {isa = PBXFileReference; lastKnownFileType = sourcecode.swift; path = SceneDelegate.swift; sourceTree = "<group>"; };
		6B4EB2F926B7A7B500E65B97 /* ViewController.swift */ = {isa = PBXFileReference; lastKnownFileType = sourcecode.swift; path = ViewController.swift; sourceTree = "<group>"; };
		6B4EB2FC26B7A7B500E65B97 /* Base */ = {isa = PBXFileReference; lastKnownFileType = file.storyboard; name = Base; path = Base.lproj/Main.storyboard; sourceTree = "<group>"; };
		6B4EB2FE26B7A7B800E65B97 /* Assets.xcassets */ = {isa = PBXFileReference; lastKnownFileType = folder.assetcatalog; path = Assets.xcassets; sourceTree = "<group>"; };
		6B4EB30126B7A7B800E65B97 /* Base */ = {isa = PBXFileReference; lastKnownFileType = file.storyboard; name = Base; path = Base.lproj/LaunchScreen.storyboard; sourceTree = "<group>"; };
		6B4EB30326B7A7B800E65B97 /* Info.plist */ = {isa = PBXFileReference; lastKnownFileType = text.plist.xml; path = Info.plist; sourceTree = "<group>"; };
		6B4EB30826B7A7B800E65B97 /* StarRatingTests.xctest */ = {isa = PBXFileReference; explicitFileType = wrapper.cfbundle; includeInIndex = 0; path = StarRatingTests.xctest; sourceTree = BUILT_PRODUCTS_DIR; };
		6B4EB30C26B7A7B800E65B97 /* StarRatingTests.swift */ = {isa = PBXFileReference; lastKnownFileType = sourcecode.swift; path = StarRatingTests.swift; sourceTree = "<group>"; };
		6B4EB30E26B7A7B800E65B97 /* Info.plist */ = {isa = PBXFileReference; lastKnownFileType = text.plist.xml; path = Info.plist; sourceTree = "<group>"; };
		6B4EB31326B7A7B800E65B97 /* StarRatingUITests.xctest */ = {isa = PBXFileReference; explicitFileType = wrapper.cfbundle; includeInIndex = 0; path = StarRatingUITests.xctest; sourceTree = BUILT_PRODUCTS_DIR; };
		6B4EB31726B7A7B800E65B97 /* StarRatingUITests.swift */ = {isa = PBXFileReference; lastKnownFileType = sourcecode.swift; path = StarRatingUITests.swift; sourceTree = "<group>"; };
		6B4EB31926B7A7B800E65B97 /* Info.plist */ = {isa = PBXFileReference; lastKnownFileType = text.plist.xml; path = Info.plist; sourceTree = "<group>"; };
/* End PBXFileReference section */

/* Begin PBXFrameworksBuildPhase section */
		6B4EB2EF26B7A7B500E65B97 /* Frameworks */ = {
			isa = PBXFrameworksBuildPhase;
			buildActionMask = 2147483647;
			files = (
			);
			runOnlyForDeploymentPostprocessing = 0;
		};
		6B4EB30526B7A7B800E65B97 /* Frameworks */ = {
			isa = PBXFrameworksBuildPhase;
			buildActionMask = 2147483647;
			files = (
			);
			runOnlyForDeploymentPostprocessing = 0;
		};
		6B4EB31026B7A7B800E65B97 /* Frameworks */ = {
			isa = PBXFrameworksBuildPhase;
			buildActionMask = 2147483647;
			files = (
			);
			runOnlyForDeploymentPostprocessing = 0;
		};
/* End PBXFrameworksBuildPhase section */

/* Begin PBXGroup section */
		6B4EB2E926B7A7B500E65B97 = {
			isa = PBXGroup;
			children = (
				6B4EB2F426B7A7B500E65B97 /* StarRating */,
				6B4EB30B26B7A7B800E65B97 /* StarRatingTests */,
				6B4EB31626B7A7B800E65B97 /* StarRatingUITests */,
				6B4EB2F326B7A7B500E65B97 /* Products */,
			);
			sourceTree = "<group>";
		};
		6B4EB2F326B7A7B500E65B97 /* Products */ = {
			isa = PBXGroup;
			children = (
				6B4EB2F226B7A7B500E65B97 /* StarRating.app */,
				6B4EB30826B7A7B800E65B97 /* StarRatingTests.xctest */,
				6B4EB31326B7A7B800E65B97 /* StarRatingUITests.xctest */,
			);
			name = Products;
			sourceTree = "<group>";
		};
		6B4EB2F426B7A7B500E65B97 /* StarRating */ = {
			isa = PBXGroup;
			children = (
				6B4EB2F526B7A7B500E65B97 /* AppDelegate.swift */,
				6B4EB2F726B7A7B500E65B97 /* SceneDelegate.swift */,
				6B4EB2F926B7A7B500E65B97 /* ViewController.swift */,
				6B4EB2FB26B7A7B500E65B97 /* Main.storyboard */,
				6B4EB2FE26B7A7B800E65B97 /* Assets.xcassets */,
				6B4EB30026B7A7B800E65B97 /* LaunchScreen.storyboard */,
				6B4EB30326B7A7B800E65B97 /* Info.plist */,
			);
			path = StarRating;
			sourceTree = "<group>";
		};
		6B4EB30B26B7A7B800E65B97 /* StarRatingTests */ = {
			isa = PBXGroup;
			children = (
				6B4EB30C26B7A7B800E65B97 /* StarRatingTests.swift */,
				6B4EB30E26B7A7B800E65B97 /* Info.plist */,
			);
			path = StarRatingTests;
			sourceTree = "<group>";
		};
		6B4EB31626B7A7B800E65B97 /* StarRatingUITests */ = {
			isa = PBXGroup;
			children = (
				6B4EB31726B7A7B800E65B97 /* StarRatingUITests.swift */,
				6B4EB31926B7A7B800E65B97 /* Info.plist */,
			);
			path = StarRatingUITests;
			sourceTree = "<group>";
		};
/* End PBXGroup section */

/* Begin PBXNativeTarget section */
		6B4EB2F126B7A7B500E65B97 /* StarRating */ = {
			isa = PBXNativeTarget;
			buildConfigurationList = 6B4EB31C26B7A7B800E65B97 /* Build configuration list for PBXNativeTarget "StarRating" */;
			buildPhases = (
				6B4EB2EE26B7A7B500E65B97 /* Sources */,
				6B4EB2EF26B7A7B500E65B97 /* Frameworks */,
				6B4EB2F026B7A7B500E65B97 /* Resources */,
			);
			buildRules = (
			);
			dependencies = (
			);
			name = StarRating;
			productName = StarRating;
			productReference = 6B4EB2F226B7A7B500E65B97 /* StarRating.app */;
			productType = "com.apple.product-type.application";
		};
		6B4EB30726B7A7B800E65B97 /* StarRatingTests */ = {
			isa = PBXNativeTarget;
			buildConfigurationList = 6B4EB31F26B7A7B800E65B97 /* Build configuration list for PBXNativeTarget "StarRatingTests" */;
			buildPhases = (
				6B4EB30426B7A7B800E65B97 /* Sources */,
				6B4EB30526B7A7B800E65B97 /* Frameworks */,
				6B4EB30626B7A7B800E65B97 /* Resources */,
			);
			buildRules = (
			);
			dependencies = (
				6B4EB30A26B7A7B800E65B97 /* PBXTargetDependency */,
			);
			name = StarRatingTests;
			productName = StarRatingTests;
			productReference = 6B4EB30826B7A7B800E65B97 /* StarRatingTests.xctest */;
			productType = "com.apple.product-type.bundle.unit-test";
		};
		6B4EB31226B7A7B800E65B97 /* StarRatingUITests */ = {
			isa = PBXNativeTarget;
			buildConfigurationList = 6B4EB32226B7A7B800E65B97 /* Build configuration list for PBXNativeTarget "StarRatingUITests" */;
			buildPhases = (
				6B4EB30F26B7A7B800E65B97 /* Sources */,
				6B4EB31026B7A7B800E65B97 /* Frameworks */,
				6B4EB31126B7A7B800E65B97 /* Resources */,
			);
			buildRules = (
			);
			dependencies = (
				6B4EB31526B7A7B800E65B97 /* PBXTargetDependency */,
			);
			name = StarRatingUITests;
			productName = StarRatingUITests;
			productReference = 6B4EB31326B7A7B800E65B97 /* StarRatingUITests.xctest */;
			productType = "com.apple.product-type.bundle.ui-testing";
		};
/* End PBXNativeTarget section */

/* Begin PBXProject section */
		6B4EB2EA26B7A7B500E65B97 /* Project object */ = {
			isa = PBXProject;
			attributes = {
				LastSwiftUpdateCheck = 1250;
				LastUpgradeCheck = 1250;
				TargetAttributes = {
					6B4EB2F126B7A7B500E65B97 = {
						CreatedOnToolsVersion = 12.5;
					};
					6B4EB30726B7A7B800E65B97 = {
						CreatedOnToolsVersion = 12.5;
						TestTargetID = 6B4EB2F126B7A7B500E65B97;
					};
					6B4EB31226B7A7B800E65B97 = {
						CreatedOnToolsVersion = 12.5;
						TestTargetID = 6B4EB2F126B7A7B500E65B97;
					};
				};
			};
			buildConfigurationList = 6B4EB2ED26B7A7B500E65B97 /* Build configuration list for PBXProject "StarRating" */;
			compatibilityVersion = "Xcode 9.3";
			developmentRegion = en;
			hasScannedForEncodings = 0;
			knownRegions = (
				en,
				Base,
			);
			mainGroup = 6B4EB2E926B7A7B500E65B97;
			productRefGroup = 6B4EB2F326B7A7B500E65B97 /* Products */;
			projectDirPath = "";
			projectRoot = "";
			targets = (
				6B4EB2F126B7A7B500E65B97 /* StarRating */,
				6B4EB30726B7A7B800E65B97 /* StarRatingTests */,
				6B4EB31226B7A7B800E65B97 /* StarRatingUITests */,
			);
		};
/* End PBXProject section */

/* Begin PBXResourcesBuildPhase section */
		6B4EB2F026B7A7B500E65B97 /* Resources */ = {
			isa = PBXResourcesBuildPhase;
			buildActionMask = 2147483647;
			files = (
				6B4EB30226B7A7B800E65B97 /* LaunchScreen.storyboard in Resources */,
				6B4EB2FF26B7A7B800E65B97 /* Assets.xcassets in Resources */,
				6B4EB2FD26B7A7B500E65B97 /* Main.storyboard in Resources */,
			);
			runOnlyForDeploymentPostprocessing = 0;
		};
		6B4EB30626B7A7B800E65B97 /* Resources */ = {
			isa = PBXResourcesBuildPhase;
			buildActionMask = 2147483647;
			files = (
			);
			runOnlyForDeploymentPostprocessing = 0;
		};
		6B4EB31126B7A7B800E65B97 /* Resources */ = {
			isa = PBXResourcesBuildPhase;
			buildActionMask = 2147483647;
			files = (
			);
			runOnlyForDeploymentPostprocessing = 0;
		};
/* End PBXResourcesBuildPhase section */

/* Begin PBXSourcesBuildPhase section */
		6B4EB2EE26B7A7B500E65B97 /* Sources */ = {
			isa = PBXSourcesBuildPhase;
			buildActionMask = 2147483647;
			files = (
				6B4EB2FA26B7A7B500E65B97 /* ViewController.swift in Sources */,
				6B4EB2F626B7A7B500E65B97 /* AppDelegate.swift in Sources */,
				6B4EB2F826B7A7B500E65B97 /* SceneDelegate.swift in Sources */,
			);
			runOnlyForDeploymentPostprocessing = 0;
		};
		6B4EB30426B7A7B800E65B97 /* Sources */ = {
			isa = PBXSourcesBuildPhase;
			buildActionMask = 2147483647;
			files = (
				6B4EB30D26B7A7B800E65B97 /* StarRatingTests.swift in Sources */,
			);
			runOnlyForDeploymentPostprocessing = 0;
		};
		6B4EB30F26B7A7B800E65B97 /* Sources */ = {
			isa = PBXSourcesBuildPhase;
			buildActionMask = 2147483647;
			files = (
				6B4EB31826B7A7B800E65B97 /* StarRatingUITests.swift in Sources */,
			);
			runOnlyForDeploymentPostprocessing = 0;
		};
/* End PBXSourcesBuildPhase section */

/* Begin PBXTargetDependency section */
		6B4EB30A26B7A7B800E65B97 /* PBXTargetDependency */ = {
			isa = PBXTargetDependency;
			target = 6B4EB2F126B7A7B500E65B97 /* StarRating */;
			targetProxy = 6B4EB30926B7A7B800E65B97 /* PBXContainerItemProxy */;
		};
		6B4EB31526B7A7B800E65B97 /* PBXTargetDependency */ = {
			isa = PBXTargetDependency;
			target = 6B4EB2F126B7A7B500E65B97 /* StarRating */;
			targetProxy = 6B4EB31426B7A7B800E65B97 /* PBXContainerItemProxy */;
		};
/* End PBXTargetDependency section */

/* Begin PBXVariantGroup section */
		6B4EB2FB26B7A7B500E65B97 /* Main.storyboard */ = {
			isa = PBXVariantGroup;
			children = (
				6B4EB2FC26B7A7B500E65B97 /* Base */,
			);
			name = Main.storyboard;
			sourceTree = "<group>";
		};
		6B4EB30026B7A7B800E65B97 /* LaunchScreen.storyboard */ = {
			isa = PBXVariantGroup;
			children = (
				6B4EB30126B7A7B800E65B97 /* Base */,
			);
			name = LaunchScreen.storyboard;
			sourceTree = "<group>";
		};
/* End PBXVariantGroup section */

/* Begin XCBuildConfiguration section */
		6B4EB31A26B7A7B800E65B97 /* Debug */ = {
			isa = XCBuildConfiguration;
			buildSettings = {
				ALWAYS_SEARCH_USER_PATHS = NO;
				CLANG_ANALYZER_NONNULL = YES;
				CLANG_ANALYZER_NUMBER_OBJECT_CONVERSION = YES_AGGRESSIVE;
				CLANG_CXX_LANGUAGE_STANDARD = "gnu++14";
				CLANG_CXX_LIBRARY = "libc++";
				CLANG_ENABLE_MODULES = YES;
				CLANG_ENABLE_OBJC_ARC = YES;
				CLANG_ENABLE_OBJC_WEAK = YES;
				CLANG_WARN_BLOCK_CAPTURE_AUTORELEASING = YES;
				CLANG_WARN_BOOL_CONVERSION = YES;
				CLANG_WARN_COMMA = YES;
				CLANG_WARN_CONSTANT_CONVERSION = YES;
				CLANG_WARN_DEPRECATED_OBJC_IMPLEMENTATIONS = YES;
				CLANG_WARN_DIRECT_OBJC_ISA_USAGE = YES_ERROR;
				CLANG_WARN_DOCUMENTATION_COMMENTS = YES;
				CLANG_WARN_EMPTY_BODY = YES;
				CLANG_WARN_ENUM_CONVERSION = YES;
				CLANG_WARN_INFINITE_RECURSION = YES;
				CLANG_WARN_INT_CONVERSION = YES;
				CLANG_WARN_NON_LITERAL_NULL_CONVERSION = YES;
				CLANG_WARN_OBJC_IMPLICIT_RETAIN_SELF = YES;
				CLANG_WARN_OBJC_LITERAL_CONVERSION = YES;
				CLANG_WARN_OBJC_ROOT_CLASS = YES_ERROR;
				CLANG_WARN_QUOTED_INCLUDE_IN_FRAMEWORK_HEADER = YES;
				CLANG_WARN_RANGE_LOOP_ANALYSIS = YES;
				CLANG_WARN_STRICT_PROTOTYPES = YES;
				CLANG_WARN_SUSPICIOUS_MOVE = YES;
				CLANG_WARN_UNGUARDED_AVAILABILITY = YES_AGGRESSIVE;
				CLANG_WARN_UNREACHABLE_CODE = YES;
				CLANG_WARN__DUPLICATE_METHOD_MATCH = YES;
				COPY_PHASE_STRIP = NO;
				DEBUG_INFORMATION_FORMAT = dwarf;
				ENABLE_STRICT_OBJC_MSGSEND = YES;
				ENABLE_TESTABILITY = YES;
				GCC_C_LANGUAGE_STANDARD = gnu11;
				GCC_DYNAMIC_NO_PIC = NO;
				GCC_NO_COMMON_BLOCKS = YES;
				GCC_OPTIMIZATION_LEVEL = 0;
				GCC_PREPROCESSOR_DEFINITIONS = (
					"DEBUG=1",
					"$(inherited)",
				);
				GCC_WARN_64_TO_32_BIT_CONVERSION = YES;
				GCC_WARN_ABOUT_RETURN_TYPE = YES_ERROR;
				GCC_WARN_UNDECLARED_SELECTOR = YES;
				GCC_WARN_UNINITIALIZED_AUTOS = YES_AGGRESSIVE;
				GCC_WARN_UNUSED_FUNCTION = YES;
				GCC_WARN_UNUSED_VARIABLE = YES;
				IPHONEOS_DEPLOYMENT_TARGET = 14.5;
				MTL_ENABLE_DEBUG_INFO = INCLUDE_SOURCE;
				MTL_FAST_MATH = YES;
				ONLY_ACTIVE_ARCH = YES;
				SDKROOT = iphoneos;
				SWIFT_ACTIVE_COMPILATION_CONDITIONS = DEBUG;
				SWIFT_OPTIMIZATION_LEVEL = "-Onone";
			};
			name = Debug;
		};
		6B4EB31B26B7A7B800E65B97 /* Release */ = {
			isa = XCBuildConfiguration;
			buildSettings = {
				ALWAYS_SEARCH_USER_PATHS = NO;
				CLANG_ANALYZER_NONNULL = YES;
				CLANG_ANALYZER_NUMBER_OBJECT_CONVERSION = YES_AGGRESSIVE;
				CLANG_CXX_LANGUAGE_STANDARD = "gnu++14";
				CLANG_CXX_LIBRARY = "libc++";
				CLANG_ENABLE_MODULES = YES;
				CLANG_ENABLE_OBJC_ARC = YES;
				CLANG_ENABLE_OBJC_WEAK = YES;
				CLANG_WARN_BLOCK_CAPTURE_AUTORELEASING = YES;
				CLANG_WARN_BOOL_CONVERSION = YES;
				CLANG_WARN_COMMA = YES;
				CLANG_WARN_CONSTANT_CONVERSION = YES;
				CLANG_WARN_DEPRECATED_OBJC_IMPLEMENTATIONS = YES;
				CLANG_WARN_DIRECT_OBJC_ISA_USAGE = YES_ERROR;
				CLANG_WARN_DOCUMENTATION_COMMENTS = YES;
				CLANG_WARN_EMPTY_BODY = YES;
				CLANG_WARN_ENUM_CONVERSION = YES;
				CLANG_WARN_INFINITE_RECURSION = YES;
				CLANG_WARN_INT_CONVERSION = YES;
				CLANG_WARN_NON_LITERAL_NULL_CONVERSION = YES;
				CLANG_WARN_OBJC_IMPLICIT_RETAIN_SELF = YES;
				CLANG_WARN_OBJC_LITERAL_CONVERSION = YES;
				CLANG_WARN_OBJC_ROOT_CLASS = YES_ERROR;
				CLANG_WARN_QUOTED_INCLUDE_IN_FRAMEWORK_HEADER = YES;
				CLANG_WARN_RANGE_LOOP_ANALYSIS = YES;
				CLANG_WARN_STRICT_PROTOTYPES = YES;
				CLANG_WARN_SUSPICIOUS_MOVE = YES;
				CLANG_WARN_UNGUARDED_AVAILABILITY = YES_AGGRESSIVE;
				CLANG_WARN_UNREACHABLE_CODE = YES;
				CLANG_WARN__DUPLICATE_METHOD_MATCH = YES;
				COPY_PHASE_STRIP = NO;
				DEBUG_INFORMATION_FORMAT = "dwarf-with-dsym";
				ENABLE_NS_ASSERTIONS = NO;
				ENABLE_STRICT_OBJC_MSGSEND = YES;
				GCC_C_LANGUAGE_STANDARD = gnu11;
				GCC_NO_COMMON_BLOCKS = YES;
				GCC_WARN_64_TO_32_BIT_CONVERSION = YES;
				GCC_WARN_ABOUT_RETURN_TYPE = YES_ERROR;
				GCC_WARN_UNDECLARED_SELECTOR = YES;
				GCC_WARN_UNINITIALIZED_AUTOS = YES_AGGRESSIVE;
				GCC_WARN_UNUSED_FUNCTION = YES;
				GCC_WARN_UNUSED_VARIABLE = YES;
				IPHONEOS_DEPLOYMENT_TARGET = 14.5;
				MTL_ENABLE_DEBUG_INFO = NO;
				MTL_FAST_MATH = YES;
				SDKROOT = iphoneos;
				SWIFT_COMPILATION_MODE = wholemodule;
				SWIFT_OPTIMIZATION_LEVEL = "-O";
				VALIDATE_PRODUCT = YES;
			};
			name = Release;
		};
		6B4EB31D26B7A7B800E65B97 /* Debug */ = {
			isa = XCBuildConfiguration;
			buildSettings = {
				ASSETCATALOG_COMPILER_APPICON_NAME = AppIcon;
				ASSETCATALOG_COMPILER_GLOBAL_ACCENT_COLOR_NAME = AccentColor;
				CODE_SIGN_STYLE = Automatic;
				DEVELOPMENT_TEAM = CNMQE42DQF;
				INFOPLIST_FILE = StarRating/Info.plist;
				LD_RUNPATH_SEARCH_PATHS = (
					"$(inherited)",
					"@executable_path/Frameworks",
				);
				PRODUCT_BUNDLE_IDENTIFIER = com.jinshine.StarRating;
				PRODUCT_NAME = "$(TARGET_NAME)";
				SWIFT_VERSION = 5.0;
				TARGETED_DEVICE_FAMILY = "1,2";
			};
			name = Debug;
		};
		6B4EB31E26B7A7B800E65B97 /* Release */ = {
			isa = XCBuildConfiguration;
			buildSettings = {
				ASSETCATALOG_COMPILER_APPICON_NAME = AppIcon;
				ASSETCATALOG_COMPILER_GLOBAL_ACCENT_COLOR_NAME = AccentColor;
				CODE_SIGN_STYLE = Automatic;
				DEVELOPMENT_TEAM = CNMQE42DQF;
				INFOPLIST_FILE = StarRating/Info.plist;
				LD_RUNPATH_SEARCH_PATHS = (
					"$(inherited)",
					"@executable_path/Frameworks",
				);
				PRODUCT_BUNDLE_IDENTIFIER = com.jinshine.StarRating;
				PRODUCT_NAME = "$(TARGET_NAME)";
				SWIFT_VERSION = 5.0;
				TARGETED_DEVICE_FAMILY = "1,2";
			};
			name = Release;
		};
		6B4EB32026B7A7B800E65B97 /* Debug */ = {
			isa = XCBuildConfiguration;
			buildSettings = {
				ALWAYS_EMBED_SWIFT_STANDARD_LIBRARIES = YES;
				BUNDLE_LOADER = "$(TEST_HOST)";
				CODE_SIGN_STYLE = Automatic;
				DEVELOPMENT_TEAM = CNMQE42DQF;
				INFOPLIST_FILE = StarRatingTests/Info.plist;
				IPHONEOS_DEPLOYMENT_TARGET = 14.5;
				LD_RUNPATH_SEARCH_PATHS = (
					"$(inherited)",
					"@executable_path/Frameworks",
					"@loader_path/Frameworks",
				);
				PRODUCT_BUNDLE_IDENTIFIER = com.jinshine.StarRatingTests;
				PRODUCT_NAME = "$(TARGET_NAME)";
				SWIFT_VERSION = 5.0;
				TARGETED_DEVICE_FAMILY = "1,2";
				TEST_HOST = "$(BUILT_PRODUCTS_DIR)/StarRating.app/StarRating";
			};
			name = Debug;
		};
		6B4EB32126B7A7B800E65B97 /* Release */ = {
			isa = XCBuildConfiguration;
			buildSettings = {
				ALWAYS_EMBED_SWIFT_STANDARD_LIBRARIES = YES;
				BUNDLE_LOADER = "$(TEST_HOST)";
				CODE_SIGN_STYLE = Automatic;
				DEVELOPMENT_TEAM = CNMQE42DQF;
				INFOPLIST_FILE = StarRatingTests/Info.plist;
				IPHONEOS_DEPLOYMENT_TARGET = 14.5;
				LD_RUNPATH_SEARCH_PATHS = (
					"$(inherited)",
					"@executable_path/Frameworks",
					"@loader_path/Frameworks",
				);
				PRODUCT_BUNDLE_IDENTIFIER = com.jinshine.StarRatingTests;
				PRODUCT_NAME = "$(TARGET_NAME)";
				SWIFT_VERSION = 5.0;
				TARGETED_DEVICE_FAMILY = "1,2";
				TEST_HOST = "$(BUILT_PRODUCTS_DIR)/StarRating.app/StarRating";
			};
			name = Release;
		};
		6B4EB32326B7A7B800E65B97 /* Debug */ = {
			isa = XCBuildConfiguration;
			buildSettings = {
				ALWAYS_EMBED_SWIFT_STANDARD_LIBRARIES = YES;
				CODE_SIGN_STYLE = Automatic;
				DEVELOPMENT_TEAM = CNMQE42DQF;
				INFOPLIST_FILE = StarRatingUITests/Info.plist;
				LD_RUNPATH_SEARCH_PATHS = (
					"$(inherited)",
					"@executable_path/Frameworks",
					"@loader_path/Frameworks",
				);
				PRODUCT_BUNDLE_IDENTIFIER = com.jinshine.StarRatingUITests;
				PRODUCT_NAME = "$(TARGET_NAME)";
				SWIFT_VERSION = 5.0;
				TARGETED_DEVICE_FAMILY = "1,2";
				TEST_TARGET_NAME = StarRating;
			};
			name = Debug;
		};
		6B4EB32426B7A7B800E65B97 /* Release */ = {
			isa = XCBuildConfiguration;
			buildSettings = {
				ALWAYS_EMBED_SWIFT_STANDARD_LIBRARIES = YES;
				CODE_SIGN_STYLE = Automatic;
				DEVELOPMENT_TEAM = CNMQE42DQF;
				INFOPLIST_FILE = StarRatingUITests/Info.plist;
				LD_RUNPATH_SEARCH_PATHS = (
					"$(inherited)",
					"@executable_path/Frameworks",
					"@loader_path/Frameworks",
				);
				PRODUCT_BUNDLE_IDENTIFIER = com.jinshine.StarRatingUITests;
				PRODUCT_NAME = "$(TARGET_NAME)";
				SWIFT_VERSION = 5.0;
				TARGETED_DEVICE_FAMILY = "1,2";
				TEST_TARGET_NAME = StarRating;
			};
			name = Release;
		};
/* End XCBuildConfiguration section */

/* Begin XCConfigurationList section */
		6B4EB2ED26B7A7B500E65B97 /* Build configuration list for PBXProject "StarRating" */ = {
			isa = XCConfigurationList;
			buildConfigurations = (
				6B4EB31A26B7A7B800E65B97 /* Debug */,
				6B4EB31B26B7A7B800E65B97 /* Release */,
			);
			defaultConfigurationIsVisible = 0;
			defaultConfigurationName = Release;
		};
		6B4EB31C26B7A7B800E65B97 /* Build configuration list for PBXNativeTarget "StarRating" */ = {
			isa = XCConfigurationList;
			buildConfigurations = (
				6B4EB31D26B7A7B800E65B97 /* Debug */,
				6B4EB31E26B7A7B800E65B97 /* Release */,
			);
			defaultConfigurationIsVisible = 0;
			defaultConfigurationName = Release;
		};
		6B4EB31F26B7A7B800E65B97 /* Build configuration list for PBXNativeTarget "StarRatingTests" */ = {
			isa = XCConfigurationList;
			buildConfigurations = (
				6B4EB32026B7A7B800E65B97 /* Debug */,
				6B4EB32126B7A7B800E65B97 /* Release */,
			);
			defaultConfigurationIsVisible = 0;
			defaultConfigurationName = Release;
		};
		6B4EB32226B7A7B800E65B97 /* Build configuration list for PBXNativeTarget "StarRatingUITests" */ = {
			isa = XCConfigurationList;
			buildConfigurations = (
				6B4EB32326B7A7B800E65B97 /* Debug */,
				6B4EB32426B7A7B800E65B97 /* Release */,
			);
			defaultConfigurationIsVisible = 0;
			defaultConfigurationName = Release;
		};
/* End XCConfigurationList section */
	};
	rootObject = 6B4EB2EA26B7A7B500E65B97 /* Project object */;
}
