// !$*UTF8*$!
{
	archiveVersion = 1;
	classes = {
	};
	objectVersion = 50;
	objects = {

/* Begin PBXBuildFile section */
		EC85A7C6255D039500A40CD1 /* AppDelegate.swift in Sources */ = {isa = PBXBuildFile; fileRef = EC85A7C5255D039500A40CD1 /* AppDelegate.swift */; };
		EC85A7C8255D039500A40CD1 /* SceneDelegate.swift in Sources */ = {isa = PBXBuildFile; fileRef = EC85A7C7255D039500A40CD1 /* SceneDelegate.swift */; };
		EC85A7CA255D039500A40CD1 /* ViewController.swift in Sources */ = {isa = PBXBuildFile; fileRef = EC85A7C9255D039500A40CD1 /* ViewController.swift */; };
		EC85A7CD255D039500A40CD1 /* Main.storyboard in Resources */ = {isa = PBXBuildFile; fileRef = EC85A7CB255D039500A40CD1 /* Main.storyboard */; };
		EC85A7CF255D039600A40CD1 /* Assets.xcassets in Resources */ = {isa = PBXBuildFile; fileRef = EC85A7CE255D039600A40CD1 /* Assets.xcassets */; };
		EC85A7D2255D039600A40CD1 /* LaunchScreen.storyboard in Resources */ = {isa = PBXBuildFile; fileRef = EC85A7D0255D039600A40CD1 /* LaunchScreen.storyboard */; };
		EC85A81E255E4A4B00A40CD1 /* Walkthrough.storyboard in Resources */ = {isa = PBXBuildFile; fileRef = EC85A81D255E4A4B00A40CD1 /* Walkthrough.storyboard */; };
		EC85A821255E4C1C00A40CD1 /* WalkthroughViewController.swift in Sources */ = {isa = PBXBuildFile; fileRef = EC85A820255E4C1C00A40CD1 /* WalkthroughViewController.swift */; };
		EC85A829255E4E6600A40CD1 /* WalkthroughContentCell.swift in Sources */ = {isa = PBXBuildFile; fileRef = EC85A828255E4E6600A40CD1 /* WalkthroughContentCell.swift */; };
/* End PBXBuildFile section */

/* Begin PBXFileReference section */
		EC85A7C2255D039500A40CD1 /* WalkthroughTutorial.app */ = {isa = PBXFileReference; explicitFileType = wrapper.application; includeInIndex = 0; path = WalkthroughTutorial.app; sourceTree = BUILT_PRODUCTS_DIR; };
		EC85A7C5255D039500A40CD1 /* AppDelegate.swift */ = {isa = PBXFileReference; lastKnownFileType = sourcecode.swift; path = AppDelegate.swift; sourceTree = "<group>"; };
		EC85A7C7255D039500A40CD1 /* SceneDelegate.swift */ = {isa = PBXFileReference; lastKnownFileType = sourcecode.swift; path = SceneDelegate.swift; sourceTree = "<group>"; };
		EC85A7C9255D039500A40CD1 /* ViewController.swift */ = {isa = PBXFileReference; lastKnownFileType = sourcecode.swift; path = ViewController.swift; sourceTree = "<group>"; };
		EC85A7CC255D039500A40CD1 /* Base */ = {isa = PBXFileReference; lastKnownFileType = file.storyboard; name = Base; path = Base.lproj/Main.storyboard; sourceTree = "<group>"; };
		EC85A7CE255D039600A40CD1 /* Assets.xcassets */ = {isa = PBXFileReference; lastKnownFileType = folder.assetcatalog; path = Assets.xcassets; sourceTree = "<group>"; };
		EC85A7D1255D039600A40CD1 /* Base */ = {isa = PBXFileReference; lastKnownFileType = file.storyboard; name = Base; path = Base.lproj/LaunchScreen.storyboard; sourceTree = "<group>"; };
		EC85A7D3255D039600A40CD1 /* Info.plist */ = {isa = PBXFileReference; lastKnownFileType = text.plist.xml; path = Info.plist; sourceTree = "<group>"; };
		EC85A81D255E4A4B00A40CD1 /* Walkthrough.storyboard */ = {isa = PBXFileReference; lastKnownFileType = file.storyboard; path = Walkthrough.storyboard; sourceTree = "<group>"; };
		EC85A820255E4C1C00A40CD1 /* WalkthroughViewController.swift */ = {isa = PBXFileReference; lastKnownFileType = sourcecode.swift; path = WalkthroughViewController.swift; sourceTree = "<group>"; };
		EC85A828255E4E6600A40CD1 /* WalkthroughContentCell.swift */ = {isa = PBXFileReference; lastKnownFileType = sourcecode.swift; path = WalkthroughContentCell.swift; sourceTree = "<group>"; };
/* End PBXFileReference section */

/* Begin PBXFrameworksBuildPhase section */
		EC85A7BF255D039500A40CD1 /* Frameworks */ = {
			isa = PBXFrameworksBuildPhase;
			buildActionMask = 2147483647;
			files = (
			);
			runOnlyForDeploymentPostprocessing = 0;
		};
/* End PBXFrameworksBuildPhase section */

/* Begin PBXGroup section */
		EC85A7B9255D039500A40CD1 = {
			isa = PBXGroup;
			children = (
				EC85A7C4255D039500A40CD1 /* WalkthroughTutorial */,
				EC85A7C3255D039500A40CD1 /* Products */,
			);
			sourceTree = "<group>";
		};
		EC85A7C3255D039500A40CD1 /* Products */ = {
			isa = PBXGroup;
			children = (
				EC85A7C2255D039500A40CD1 /* WalkthroughTutorial.app */,
			);
			name = Products;
			sourceTree = "<group>";
		};
		EC85A7C4255D039500A40CD1 /* WalkthroughTutorial */ = {
			isa = PBXGroup;
			children = (
				EC85A81B255E4A0000A40CD1 /* Storyboard */,
				EC85A7C5255D039500A40CD1 /* AppDelegate.swift */,
				EC85A7C7255D039500A40CD1 /* SceneDelegate.swift */,
				EC85A7C9255D039500A40CD1 /* ViewController.swift */,
				EC85A820255E4C1C00A40CD1 /* WalkthroughViewController.swift */,
				EC85A828255E4E6600A40CD1 /* WalkthroughContentCell.swift */,
				EC85A7CE255D039600A40CD1 /* Assets.xcassets */,
				EC85A7D0255D039600A40CD1 /* LaunchScreen.storyboard */,
				EC85A7D3255D039600A40CD1 /* Info.plist */,
			);
			path = WalkthroughTutorial;
			sourceTree = "<group>";
		};
		EC85A81B255E4A0000A40CD1 /* Storyboard */ = {
			isa = PBXGroup;
			children = (
				EC85A7CB255D039500A40CD1 /* Main.storyboard */,
				EC85A81D255E4A4B00A40CD1 /* Walkthrough.storyboard */,
			);
			path = Storyboard;
			sourceTree = "<group>";
		};
/* End PBXGroup section */

/* Begin PBXNativeTarget section */
		EC85A7C1255D039500A40CD1 /* WalkthroughTutorial */ = {
			isa = PBXNativeTarget;
			buildConfigurationList = EC85A7D6255D039600A40CD1 /* Build configuration list for PBXNativeTarget "WalkthroughTutorial" */;
			buildPhases = (
				EC85A7BE255D039500A40CD1 /* Sources */,
				EC85A7BF255D039500A40CD1 /* Frameworks */,
				EC85A7C0255D039500A40CD1 /* Resources */,
			);
			buildRules = (
			);
			dependencies = (
			);
			name = WalkthroughTutorial;
			productName = WalkthroughTutorial;
			productReference = EC85A7C2255D039500A40CD1 /* WalkthroughTutorial.app */;
			productType = "com.apple.product-type.application";
		};
/* End PBXNativeTarget section */

/* Begin PBXProject section */
		EC85A7BA255D039500A40CD1 /* Project object */ = {
			isa = PBXProject;
			attributes = {
				LastSwiftUpdateCheck = 1210;
				LastUpgradeCheck = 1210;
				TargetAttributes = {
					EC85A7C1255D039500A40CD1 = {
						CreatedOnToolsVersion = 12.1;
					};
				};
			};
			buildConfigurationList = EC85A7BD255D039500A40CD1 /* Build configuration list for PBXProject "WalkthroughTutorial" */;
			compatibilityVersion = "Xcode 9.3";
			developmentRegion = en;
			hasScannedForEncodings = 0;
			knownRegions = (
				en,
				Base,
			);
			mainGroup = EC85A7B9255D039500A40CD1;
			productRefGroup = EC85A7C3255D039500A40CD1 /* Products */;
			projectDirPath = "";
			projectRoot = "";
			targets = (
				EC85A7C1255D039500A40CD1 /* WalkthroughTutorial */,
			);
		};
/* End PBXProject section */

/* Begin PBXResourcesBuildPhase section */
		EC85A7C0255D039500A40CD1 /* Resources */ = {
			isa = PBXResourcesBuildPhase;
			buildActionMask = 2147483647;
			files = (
				EC85A7D2255D039600A40CD1 /* LaunchScreen.storyboard in Resources */,
				EC85A81E255E4A4B00A40CD1 /* Walkthrough.storyboard in Resources */,
				EC85A7CF255D039600A40CD1 /* Assets.xcassets in Resources */,
				EC85A7CD255D039500A40CD1 /* Main.storyboard in Resources */,
			);
			runOnlyForDeploymentPostprocessing = 0;
		};
/* End PBXResourcesBuildPhase section */

/* Begin PBXSourcesBuildPhase section */
		EC85A7BE255D039500A40CD1 /* Sources */ = {
			isa = PBXSourcesBuildPhase;
			buildActionMask = 2147483647;
			files = (
				EC85A7CA255D039500A40CD1 /* ViewController.swift in Sources */,
				EC85A821255E4C1C00A40CD1 /* WalkthroughViewController.swift in Sources */,
				EC85A829255E4E6600A40CD1 /* WalkthroughContentCell.swift in Sources */,
				EC85A7C6255D039500A40CD1 /* AppDelegate.swift in Sources */,
				EC85A7C8255D039500A40CD1 /* SceneDelegate.swift in Sources */,
			);
			runOnlyForDeploymentPostprocessing = 0;
		};
/* End PBXSourcesBuildPhase section */

/* Begin PBXVariantGroup section */
		EC85A7CB255D039500A40CD1 /* Main.storyboard */ = {
			isa = PBXVariantGroup;
			children = (
				EC85A7CC255D039500A40CD1 /* Base */,
			);
			name = Main.storyboard;
			sourceTree = "<group>";
		};
		EC85A7D0255D039600A40CD1 /* LaunchScreen.storyboard */ = {
			isa = PBXVariantGroup;
			children = (
				EC85A7D1255D039600A40CD1 /* Base */,
			);
			name = LaunchScreen.storyboard;
			sourceTree = "<group>";
		};
/* End PBXVariantGroup section */

/* Begin XCBuildConfiguration section */
		EC85A7D4255D039600A40CD1 /* Debug */ = {
			isa = XCBuildConfiguration;
			buildSettings = {
				ALWAYS_SEARCH_USER_PATHS = NO;
				CLANG_ANALYZER_NONNULL = YES;
				CLANG_ANALYZER_NUMBER_OBJECT_CONVERSION = YES_AGGRESSIVE;
				CLANG_CXX_LANGUAGE_STANDARD = "gnu++14";
				CLANG_CXX_LIBRARY = "libc++";
				CLANG_ENABLE_MODULES = YES;
				CLANG_ENABLE_OBJC_ARC = YES;
				CLANG_ENABLE_OBJC_WEAK = YES;
				CLANG_WARN_BLOCK_CAPTURE_AUTORELEASING = YES;
				CLANG_WARN_BOOL_CONVERSION = YES;
				CLANG_WARN_COMMA = YES;
				CLANG_WARN_CONSTANT_CONVERSION = YES;
				CLANG_WARN_DEPRECATED_OBJC_IMPLEMENTATIONS = YES;
				CLANG_WARN_DIRECT_OBJC_ISA_USAGE = YES_ERROR;
				CLANG_WARN_DOCUMENTATION_COMMENTS = YES;
				CLANG_WARN_EMPTY_BODY = YES;
				CLANG_WARN_ENUM_CONVERSION = YES;
				CLANG_WARN_INFINITE_RECURSION = YES;
				CLANG_WARN_INT_CONVERSION = YES;
				CLANG_WARN_NON_LITERAL_NULL_CONVERSION = YES;
				CLANG_WARN_OBJC_IMPLICIT_RETAIN_SELF = YES;
				CLANG_WARN_OBJC_LITERAL_CONVERSION = YES;
				CLANG_WARN_OBJC_ROOT_CLASS = YES_ERROR;
				CLANG_WARN_QUOTED_INCLUDE_IN_FRAMEWORK_HEADER = YES;
				CLANG_WARN_RANGE_LOOP_ANALYSIS = YES;
				CLANG_WARN_STRICT_PROTOTYPES = YES;
				CLANG_WARN_SUSPICIOUS_MOVE = YES;
				CLANG_WARN_UNGUARDED_AVAILABILITY = YES_AGGRESSIVE;
				CLANG_WARN_UNREACHABLE_CODE = YES;
				CLANG_WARN__DUPLICATE_METHOD_MATCH = YES;
				COPY_PHASE_STRIP = NO;
				DEBUG_INFORMATION_FORMAT = dwarf;
				ENABLE_STRICT_OBJC_MSGSEND = YES;
				ENABLE_TESTABILITY = YES;
				GCC_C_LANGUAGE_STANDARD = gnu11;
				GCC_DYNAMIC_NO_PIC = NO;
				GCC_NO_COMMON_BLOCKS = YES;
				GCC_OPTIMIZATION_LEVEL = 0;
				GCC_PREPROCESSOR_DEFINITIONS = (
					"DEBUG=1",
					"$(inherited)",
				);
				GCC_WARN_64_TO_32_BIT_CONVERSION = YES;
				GCC_WARN_ABOUT_RETURN_TYPE = YES_ERROR;
				GCC_WARN_UNDECLARED_SELECTOR = YES;
				GCC_WARN_UNINITIALIZED_AUTOS = YES_AGGRESSIVE;
				GCC_WARN_UNUSED_FUNCTION = YES;
				GCC_WARN_UNUSED_VARIABLE = YES;
				IPHONEOS_DEPLOYMENT_TARGET = 14.1;
				MTL_ENABLE_DEBUG_INFO = INCLUDE_SOURCE;
				MTL_FAST_MATH = YES;
				ONLY_ACTIVE_ARCH = YES;
				SDKROOT = iphoneos;
				SWIFT_ACTIVE_COMPILATION_CONDITIONS = DEBUG;
				SWIFT_OPTIMIZATION_LEVEL = "-Onone";
			};
			name = Debug;
		};
		EC85A7D5255D039600A40CD1 /* Release */ = {
			isa = XCBuildConfiguration;
			buildSettings = {
				ALWAYS_SEARCH_USER_PATHS = NO;
				CLANG_ANALYZER_NONNULL = YES;
				CLANG_ANALYZER_NUMBER_OBJECT_CONVERSION = YES_AGGRESSIVE;
				CLANG_CXX_LANGUAGE_STANDARD = "gnu++14";
				CLANG_CXX_LIBRARY = "libc++";
				CLANG_ENABLE_MODULES = YES;
				CLANG_ENABLE_OBJC_ARC = YES;
				CLANG_ENABLE_OBJC_WEAK = YES;
				CLANG_WARN_BLOCK_CAPTURE_AUTORELEASING = YES;
				CLANG_WARN_BOOL_CONVERSION = YES;
				CLANG_WARN_COMMA = YES;
				CLANG_WARN_CONSTANT_CONVERSION = YES;
				CLANG_WARN_DEPRECATED_OBJC_IMPLEMENTATIONS = YES;
				CLANG_WARN_DIRECT_OBJC_ISA_USAGE = YES_ERROR;
				CLANG_WARN_DOCUMENTATION_COMMENTS = YES;
				CLANG_WARN_EMPTY_BODY = YES;
				CLANG_WARN_ENUM_CONVERSION = YES;
				CLANG_WARN_INFINITE_RECURSION = YES;
				CLANG_WARN_INT_CONVERSION = YES;
				CLANG_WARN_NON_LITERAL_NULL_CONVERSION = YES;
				CLANG_WARN_OBJC_IMPLICIT_RETAIN_SELF = YES;
				CLANG_WARN_OBJC_LITERAL_CONVERSION = YES;
				CLANG_WARN_OBJC_ROOT_CLASS = YES_ERROR;
				CLANG_WARN_QUOTED_INCLUDE_IN_FRAMEWORK_HEADER = YES;
				CLANG_WARN_RANGE_LOOP_ANALYSIS = YES;
				CLANG_WARN_STRICT_PROTOTYPES = YES;
				CLANG_WARN_SUSPICIOUS_MOVE = YES;
				CLANG_WARN_UNGUARDED_AVAILABILITY = YES_AGGRESSIVE;
				CLANG_WARN_UNREACHABLE_CODE = YES;
				CLANG_WARN__DUPLICATE_METHOD_MATCH = YES;
				COPY_PHASE_STRIP = NO;
				DEBUG_INFORMATION_FORMAT = "dwarf-with-dsym";
				ENABLE_NS_ASSERTIONS = NO;
				ENABLE_STRICT_OBJC_MSGSEND = YES;
				GCC_C_LANGUAGE_STANDARD = gnu11;
				GCC_NO_COMMON_BLOCKS = YES;
				GCC_WARN_64_TO_32_BIT_CONVERSION = YES;
				GCC_WARN_ABOUT_RETURN_TYPE = YES_ERROR;
				GCC_WARN_UNDECLARED_SELECTOR = YES;
				GCC_WARN_UNINITIALIZED_AUTOS = YES_AGGRESSIVE;
				GCC_WARN_UNUSED_FUNCTION = YES;
				GCC_WARN_UNUSED_VARIABLE = YES;
				IPHONEOS_DEPLOYMENT_TARGET = 14.1;
				MTL_ENABLE_DEBUG_INFO = NO;
				MTL_FAST_MATH = YES;
				SDKROOT = iphoneos;
				SWIFT_COMPILATION_MODE = wholemodule;
				SWIFT_OPTIMIZATION_LEVEL = "-O";
				VALIDATE_PRODUCT = YES;
			};
			name = Release;
		};
		EC85A7D7255D039600A40CD1 /* Debug */ = {
			isa = XCBuildConfiguration;
			buildSettings = {
				ASSETCATALOG_COMPILER_APPICON_NAME = AppIcon;
				ASSETCATALOG_COMPILER_GLOBAL_ACCENT_COLOR_NAME = AccentColor;
				CODE_SIGN_STYLE = Automatic;
				DEVELOPMENT_TEAM = CNMQE42DQF;
				INFOPLIST_FILE = WalkthroughTutorial/Info.plist;
				LD_RUNPATH_SEARCH_PATHS = (
					"$(inherited)",
					"@executable_path/Frameworks",
				);
				PRODUCT_BUNDLE_IDENTIFIER = com.jinnify.WalkthroughTutorial;
				PRODUCT_NAME = "$(TARGET_NAME)";
				SWIFT_VERSION = 5.0;
				TARGETED_DEVICE_FAMILY = "1,2";
			};
			name = Debug;
		};
		EC85A7D8255D039600A40CD1 /* Release */ = {
			isa = XCBuildConfiguration;
			buildSettings = {
				ASSETCATALOG_COMPILER_APPICON_NAME = AppIcon;
				ASSETCATALOG_COMPILER_GLOBAL_ACCENT_COLOR_NAME = AccentColor;
				CODE_SIGN_STYLE = Automatic;
				DEVELOPMENT_TEAM = CNMQE42DQF;
				INFOPLIST_FILE = WalkthroughTutorial/Info.plist;
				LD_RUNPATH_SEARCH_PATHS = (
					"$(inherited)",
					"@executable_path/Frameworks",
				);
				PRODUCT_BUNDLE_IDENTIFIER = com.jinnify.WalkthroughTutorial;
				PRODUCT_NAME = "$(TARGET_NAME)";
				SWIFT_VERSION = 5.0;
				TARGETED_DEVICE_FAMILY = "1,2";
			};
			name = Release;
		};
/* End XCBuildConfiguration section */

/* Begin XCConfigurationList section */
		EC85A7BD255D039500A40CD1 /* Build configuration list for PBXProject "WalkthroughTutorial" */ = {
			isa = XCConfigurationList;
			buildConfigurations = (
				EC85A7D4255D039600A40CD1 /* Debug */,
				EC85A7D5255D039600A40CD1 /* Release */,
			);
			defaultConfigurationIsVisible = 0;
			defaultConfigurationName = Release;
		};
		EC85A7D6255D039600A40CD1 /* Build configuration list for PBXNativeTarget "WalkthroughTutorial" */ = {
			isa = XCConfigurationList;
			buildConfigurations = (
				EC85A7D7255D039600A40CD1 /* Debug */,
				EC85A7D8255D039600A40CD1 /* Release */,
			);
			defaultConfigurationIsVisible = 0;
			defaultConfigurationName = Release;
		};
/* End XCConfigurationList section */
	};
	rootObject = EC85A7BA255D039500A40CD1 /* Project object */;
}
